// !$*UTF8*$!
{
	archiveVersion = 1;
	classes = {
	};
	objectVersion = 56;
	objects = {

/* Begin PBXBuildFile section */
		8D012F7D2C0E5D3100A6254B /* PrivacyPolicyAgreementText.swift in Sources */ = {isa = PBXBuildFile; fileRef = 8D012F7C2C0E5D3100A6254B /* PrivacyPolicyAgreementText.swift */; };
		8D0312222AF995AF00DBB2B2 /* AuthenticationFormView.swift in Sources */ = {isa = PBXBuildFile; fileRef = 8D0312212AF995AF00DBB2B2 /* AuthenticationFormView.swift */; };
		8D051C5E2AFB15590064E90E /* AppPage.swift in Sources */ = {isa = PBXBuildFile; fileRef = 8D051C5D2AFB15590064E90E /* AppPage.swift */; };
		8D0A3C3F2B1FA6F500B7345D /* FavoriteFactsListDisplayManager.swift in Sources */ = {isa = PBXBuildFile; fileRef = 8D0A3C3E2B1FA6F500B7345D /* FavoriteFactsListDisplayManager.swift */; };
		8D2A7B302B5B277300142BDA /* SpeakButton.swift in Sources */ = {isa = PBXBuildFile; fileRef = 8D2A7B2F2B5B277300142BDA /* SpeakButton.swift */; };
		8D2A7B362B5B48A400142BDA /* FirestoreNames.swift in Sources */ = {isa = PBXBuildFile; fileRef = 8D2A7B352B5B48A400142BDA /* FirestoreNames.swift */; };
		8D31D8532B27B759009F29EE /* APIKeys.swift in Sources */ = {isa = PBXBuildFile; fileRef = 8D31D8522B27B758009F29EE /* APIKeys.swift */; };
		8D53C3892CDEF2120091B474 /* FirebaseAuth in Frameworks */ = {isa = PBXBuildFile; productRef = 8D53C3882CDEF2120091B474 /* FirebaseAuth */; };
		8D53C38B2CDEF2120091B474 /* FirebaseCrashlytics in Frameworks */ = {isa = PBXBuildFile; productRef = 8D53C38A2CDEF2120091B474 /* FirebaseCrashlytics */; };
		8D53C38D2CDEF2120091B474 /* FirebaseFirestore in Frameworks */ = {isa = PBXBuildFile; productRef = 8D53C38C2CDEF2120091B474 /* FirebaseFirestore */; };
		8D5511402B059B3D00BB61D4 /* FactGeneratorErrors.swift in Sources */ = {isa = PBXBuildFile; fileRef = 8D55113F2B059B3D00BB61D4 /* FactGeneratorErrors.swift */; };
		8D5E25052B5B8EFF00B51730 /* OnboardingView.swift in Sources */ = {isa = PBXBuildFile; fileRef = 8D5E25042B5B8EFF00B51730 /* OnboardingView.swift */; };
		8D5E25092B5DAD0A00B51730 /* AuthenticationFormField.swift in Sources */ = {isa = PBXBuildFile; fileRef = 8D5E25082B5DAD0A00B51730 /* AuthenticationFormField.swift */; };
		8D5E25152B6199B300B51730 /* URLRequestExtension.swift in Sources */ = {isa = PBXBuildFile; fileRef = 8D5E25122B6198B500B51730 /* URLRequestExtension.swift */; };
		8D5E9A2A2B226DE800C261B8 /* NetworkConnectionManager.swift in Sources */ = {isa = PBXBuildFile; fileRef = 8D5E9A292B226DE800C261B8 /* NetworkConnectionManager.swift */; };
		8D63D5F92AFF1D470084BACF /* UserDeletionStage.swift in Sources */ = {isa = PBXBuildFile; fileRef = 8D63D5F82AFF1D470084BACF /* UserDeletionStage.swift */; };
		8D63D5FD2AFF4A180084BACF /* StringEmojiChecker.swift in Sources */ = {isa = PBXBuildFile; fileRef = 8D63D5FC2AFF4A180084BACF /* StringEmojiChecker.swift */; };
		8D69ADEA2B1FCC20002BA65E /* ErrorManager.swift in Sources */ = {isa = PBXBuildFile; fileRef = 8D69ADE92B1FCC20002BA65E /* ErrorManager.swift */; };
		8D86430E2AEC594F0084C772 /* AuthenticationFormType.swift in Sources */ = {isa = PBXBuildFile; fileRef = 8D86430D2AEC594F0084C772 /* AuthenticationFormType.swift */; };
		8D86FF052AF56CA600239DEE /* HTTPResponseExtension.swift in Sources */ = {isa = PBXBuildFile; fileRef = 8D86FF042AF56CA600239DEE /* HTTPResponseExtension.swift */; };
		8D87C7CC2B02D97F009BBE56 /* AppDelegate.swift in Sources */ = {isa = PBXBuildFile; fileRef = 8D87C7CB2B02D97F009BBE56 /* AppDelegate.swift */; };
		8D87C8102B02FBA7009BBE56 /* FirebaseAuth in Frameworks */ = {isa = PBXBuildFile; productRef = 8D87C80F2B02FBA7009BBE56 /* FirebaseAuth */; };
		8D87C8122B02FBA7009BBE56 /* FirebaseAuthCombine-Community in Frameworks */ = {isa = PBXBuildFile; productRef = 8D87C8112B02FBA7009BBE56 /* FirebaseAuthCombine-Community */; };
		8D87C81C2B02FBA7009BBE56 /* FirebaseFirestore in Frameworks */ = {isa = PBXBuildFile; productRef = 8D87C81B2B02FBA7009BBE56 /* FirebaseFirestore */; };
		8D87C81E2B02FBA7009BBE56 /* FirebaseFirestoreCombine-Community in Frameworks */ = {isa = PBXBuildFile; productRef = 8D87C81D2B02FBA7009BBE56 /* FirebaseFirestoreCombine-Community */; };
		8D87C8222B02FBA7009BBE56 /* FirebaseFunctions in Frameworks */ = {isa = PBXBuildFile; productRef = 8D87C8212B02FBA7009BBE56 /* FirebaseFunctions */; };
		8D87C8242B02FBA7009BBE56 /* FirebaseFunctionsCombine-Community in Frameworks */ = {isa = PBXBuildFile; productRef = 8D87C8232B02FBA7009BBE56 /* FirebaseFunctionsCombine-Community */; };
		8D87C83A2B02FEEA009BBE56 /* SheftAppsStylishUI.framework in Frameworks */ = {isa = PBXBuildFile; fileRef = 8D87C8392B02FEEA009BBE56 /* SheftAppsStylishUI.framework */; };
		8D87C83B2B02FEEA009BBE56 /* SheftAppsStylishUI.framework in Embed Frameworks */ = {isa = PBXBuildFile; fileRef = 8D87C8392B02FEEA009BBE56 /* SheftAppsStylishUI.framework */; settings = {ATTRIBUTES = (CodeSignOnCopy, RemoveHeadersOnCopy, ); }; };
		8D87C83E2B0306A7009BBE56 /* FavoriteFact.swift in Sources */ = {isa = PBXBuildFile; fileRef = 8D87C83D2B0306A7009BBE56 /* FavoriteFact.swift */; };
		8D87C8402B030890009BBE56 /* UserReference.swift in Sources */ = {isa = PBXBuildFile; fileRef = 8D87C83F2B030890009BBE56 /* UserReference.swift */; };
		8D8899DC2AFDF39900BDDDFD /* InappropriateWordsCheckerData.swift in Sources */ = {isa = PBXBuildFile; fileRef = 8D8899DA2AFDF39900BDDDFD /* InappropriateWordsCheckerData.swift */; };
		8D8899DD2AFDF39900BDDDFD /* GeneratedFact.swift in Sources */ = {isa = PBXBuildFile; fileRef = 8D8899DB2AFDF39900BDDDFD /* GeneratedFact.swift */; };
		8D8899E02AFDF3D100BDDDFD /* AuthenticationMessageType.swift in Sources */ = {isa = PBXBuildFile; fileRef = 8D8899DF2AFDF3D100BDDDFD /* AuthenticationMessageType.swift */; };
		8D8899E22AFDF80300BDDDFD /* ViewablePasswordField.swift in Sources */ = {isa = PBXBuildFile; fileRef = 8D8899E12AFDF80300BDDDFD /* ViewablePasswordField.swift */; };
		8D8899E42AFE095200BDDDFD /* Globals.swift in Sources */ = {isa = PBXBuildFile; fileRef = 8D8899E32AFE095200BDDDFD /* Globals.swift */; };
		8D8F1AF82AFDF25600DB9B7D /* AuthenticationMessageView.swift in Sources */ = {isa = PBXBuildFile; fileRef = 8D8F1AF72AFDF25600DB9B7D /* AuthenticationMessageView.swift */; };
		8D8F92B32B393D8A001A9B5B /* AuthenticationManagerErrors.swift in Sources */ = {isa = PBXBuildFile; fileRef = 8D8F92B22B393D8A001A9B5B /* AuthenticationManagerErrors.swift */; };
		8D8F92B52B393DA0001A9B5B /* FavoriteFactsDatabaseErrors.swift in Sources */ = {isa = PBXBuildFile; fileRef = 8D8F92B42B393DA0001A9B5B /* FavoriteFactsDatabaseErrors.swift */; };
		8D95DD212BDAF0C1006FAE63 /* DeveloperSettingsPageView.swift in Sources */ = {isa = PBXBuildFile; fileRef = 8D95DD202BDAF0C1006FAE63 /* DeveloperSettingsPageView.swift */; };
		8D95DD242BDAF888006FAE63 /* DisplaySettingsPageView.swift in Sources */ = {isa = PBXBuildFile; fileRef = 8D95DD232BDAF888006FAE63 /* DisplaySettingsPageView.swift */; };
		8D95DD262BDAF899006FAE63 /* AccountSettingsPageView.swift in Sources */ = {isa = PBXBuildFile; fileRef = 8D95DD252BDAF899006FAE63 /* AccountSettingsPageView.swift */; };
		8D95DD282BDAF8B0006FAE63 /* SpeechSettingsPageView.swift in Sources */ = {isa = PBXBuildFile; fileRef = 8D95DD272BDAF8B0006FAE63 /* SpeechSettingsPageView.swift */; };
		8D95DD2A2BDAF8C3006FAE63 /* AdvancedSettingsPageView.swift in Sources */ = {isa = PBXBuildFile; fileRef = 8D95DD292BDAF8C3006FAE63 /* AdvancedSettingsPageView.swift */; };
		8DA2C412292C1E1100705A2F /* RandoFactoApp.swift in Sources */ = {isa = PBXBuildFile; fileRef = 8DA2C411292C1E1100705A2F /* RandoFactoApp.swift */; };
		8DA2C416292C1E1200705A2F /* Assets.xcassets in Resources */ = {isa = PBXBuildFile; fileRef = 8DA2C415292C1E1200705A2F /* Assets.xcassets */; };
		8DA2C41A292C1E1200705A2F /* Preview Assets.xcassets in Resources */ = {isa = PBXBuildFile; fileRef = 8DA2C419292C1E1200705A2F /* Preview Assets.xcassets */; };
		8DA2C421292C1E6000705A2F /* FactGenerator.swift in Sources */ = {isa = PBXBuildFile; fileRef = 8DA2C420292C1E6000705A2F /* FactGenerator.swift */; };
		8DAFBC842B1AB52400C0907F /* FieldNeedsAttentionView.swift in Sources */ = {isa = PBXBuildFile; fileRef = 8DAFBC832B1AB52400C0907F /* FieldNeedsAttentionView.swift */; };
		8DC867D22BC4866300A51787 /* PrivacyPolicyButton.swift in Sources */ = {isa = PBXBuildFile; fileRef = 8DC867D12BC4866300A51787 /* PrivacyPolicyButton.swift */; };
		8DCE5DE52B080AA200DD3CE7 /* SettingsPage.swift in Sources */ = {isa = PBXBuildFile; fileRef = 8DCE5DE42B080AA200DD3CE7 /* SettingsPage.swift */; };
		8DCE5DE72B08272B00DD3CE7 /* RandoFactoCommands.swift in Sources */ = {isa = PBXBuildFile; fileRef = 8DCE5DE62B08272B00DD3CE7 /* RandoFactoCommands.swift */; };
		8DCE5DE92B084F6000DD3CE7 /* UnfavoriteAllButton.swift in Sources */ = {isa = PBXBuildFile; fileRef = 8DCE5DE82B084F6000DD3CE7 /* UnfavoriteAllButton.swift */; };
		8DCF671F297F58B7006DE41E /* FavoriteFactsListView.swift in Sources */ = {isa = PBXBuildFile; fileRef = 8DCF671E297F58B7006DE41E /* FavoriteFactsListView.swift */; };
		8DEB531F2BBB4E5400788A04 /* PreviewManager.swift in Sources */ = {isa = PBXBuildFile; fileRef = 8DEB531E2BBB4E5400788A04 /* PreviewManager.swift */; };
		8DEB53222BBB54E600788A04 /* PreviewDataModifier.swift in Sources */ = {isa = PBXBuildFile; fileRef = 8DEB53212BBB54E600788A04 /* PreviewDataModifier.swift */; };
		8DEF074C2B241D5B00F0375F /* AuthenticationManager.swift in Sources */ = {isa = PBXBuildFile; fileRef = 8DEF074B2B241D5B00F0375F /* AuthenticationManager.swift */; };
		8DEF074E2B241DBA00F0375F /* FavoriteFactsDatabase.swift in Sources */ = {isa = PBXBuildFile; fileRef = 8DEF074D2B241DBA00F0375F /* FavoriteFactsDatabase.swift */; };
		8DF48E312936A80700152681 /* AppStateManager.swift in Sources */ = {isa = PBXBuildFile; fileRef = 8DF48E302936A80700152681 /* AppStateManager.swift */; };
		8DF48E392936B02900152681 /* RandoFactoError.swift in Sources */ = {isa = PBXBuildFile; fileRef = 8DF48E382936B02900152681 /* RandoFactoError.swift */; };
		8DF8D9DF2A27DDA700874AFC /* GoogleService-Info.plist in Resources */ = {isa = PBXBuildFile; fileRef = 8DF48E2E2936A62900152681 /* GoogleService-Info.plist */; };
		8DFEB0A32AFAF64800F57DB1 /* SettingsView.swift in Sources */ = {isa = PBXBuildFile; fileRef = 8DFEB0A22AFAF64800F57DB1 /* SettingsView.swift */; };
		8DFEB0A52AFAF6FD00F57DB1 /* ContentView.swift in Sources */ = {isa = PBXBuildFile; fileRef = 8DFEB0A42AFAF6FD00F57DB1 /* ContentView.swift */; };
		8DFEB0A72AFAF77800F57DB1 /* FactView.swift in Sources */ = {isa = PBXBuildFile; fileRef = 8DFEB0A62AFAF77800F57DB1 /* FactView.swift */; };
/* End PBXBuildFile section */

/* Begin PBXCopyFilesBuildPhase section */
		8D87C83C2B02FEEA009BBE56 /* Embed Frameworks */ = {
			isa = PBXCopyFilesBuildPhase;
			buildActionMask = 2147483647;
			dstPath = "";
			dstSubfolderSpec = 10;
			files = (
				8D87C83B2B02FEEA009BBE56 /* SheftAppsStylishUI.framework in Embed Frameworks */,
			);
			name = "Embed Frameworks";
			runOnlyForDeploymentPostprocessing = 0;
		};
/* End PBXCopyFilesBuildPhase section */

/* Begin PBXFileReference section */
		8D012F7C2C0E5D3100A6254B /* PrivacyPolicyAgreementText.swift */ = {isa = PBXFileReference; lastKnownFileType = sourcecode.swift; path = PrivacyPolicyAgreementText.swift; sourceTree = "<group>"; };
		8D0312212AF995AF00DBB2B2 /* AuthenticationFormView.swift */ = {isa = PBXFileReference; lastKnownFileType = sourcecode.swift; path = AuthenticationFormView.swift; sourceTree = "<group>"; };
		8D051C5D2AFB15590064E90E /* AppPage.swift */ = {isa = PBXFileReference; lastKnownFileType = sourcecode.swift; path = AppPage.swift; sourceTree = "<group>"; };
		8D0A3C3E2B1FA6F500B7345D /* FavoriteFactsListDisplayManager.swift */ = {isa = PBXFileReference; lastKnownFileType = sourcecode.swift; path = FavoriteFactsListDisplayManager.swift; sourceTree = "<group>"; };
		8D0C38D52ADDC9AB00EBB03A /* SheftAppsStylishUI.framework */ = {isa = PBXFileReference; explicitFileType = wrapper.framework; path = SheftAppsStylishUI.framework; sourceTree = BUILT_PRODUCTS_DIR; };
		8D2A7B2F2B5B277300142BDA /* SpeakButton.swift */ = {isa = PBXFileReference; lastKnownFileType = sourcecode.swift; path = SpeakButton.swift; sourceTree = "<group>"; };
		8D2A7B352B5B48A400142BDA /* FirestoreNames.swift */ = {isa = PBXFileReference; lastKnownFileType = sourcecode.swift; path = FirestoreNames.swift; sourceTree = "<group>"; };
		8D31D8522B27B758009F29EE /* APIKeys.swift */ = {isa = PBXFileReference; fileEncoding = 4; lastKnownFileType = sourcecode.swift; path = APIKeys.swift; sourceTree = "<group>"; };
		8D55113F2B059B3D00BB61D4 /* FactGeneratorErrors.swift */ = {isa = PBXFileReference; lastKnownFileType = sourcecode.swift; path = FactGeneratorErrors.swift; sourceTree = "<group>"; };
		8D5E25042B5B8EFF00B51730 /* OnboardingView.swift */ = {isa = PBXFileReference; lastKnownFileType = sourcecode.swift; path = OnboardingView.swift; sourceTree = "<group>"; };
		8D5E25082B5DAD0A00B51730 /* AuthenticationFormField.swift */ = {isa = PBXFileReference; lastKnownFileType = sourcecode.swift; path = AuthenticationFormField.swift; sourceTree = "<group>"; };
		8D5E25122B6198B500B51730 /* URLRequestExtension.swift */ = {isa = PBXFileReference; lastKnownFileType = sourcecode.swift; path = URLRequestExtension.swift; sourceTree = "<group>"; };
		8D5E9A292B226DE800C261B8 /* NetworkConnectionManager.swift */ = {isa = PBXFileReference; lastKnownFileType = sourcecode.swift; path = NetworkConnectionManager.swift; sourceTree = "<group>"; };
		8D63D5F82AFF1D470084BACF /* UserDeletionStage.swift */ = {isa = PBXFileReference; lastKnownFileType = sourcecode.swift; path = UserDeletionStage.swift; sourceTree = "<group>"; };
		8D63D5FC2AFF4A180084BACF /* StringEmojiChecker.swift */ = {isa = PBXFileReference; lastKnownFileType = sourcecode.swift; path = StringEmojiChecker.swift; sourceTree = "<group>"; };
		8D69ADE92B1FCC20002BA65E /* ErrorManager.swift */ = {isa = PBXFileReference; lastKnownFileType = sourcecode.swift; path = ErrorManager.swift; sourceTree = "<group>"; };
		8D86430D2AEC594F0084C772 /* AuthenticationFormType.swift */ = {isa = PBXFileReference; lastKnownFileType = sourcecode.swift; path = AuthenticationFormType.swift; sourceTree = "<group>"; };
		8D86FF042AF56CA600239DEE /* HTTPResponseExtension.swift */ = {isa = PBXFileReference; lastKnownFileType = sourcecode.swift; path = HTTPResponseExtension.swift; sourceTree = "<group>"; };
		8D87C7CB2B02D97F009BBE56 /* AppDelegate.swift */ = {isa = PBXFileReference; lastKnownFileType = sourcecode.swift; path = AppDelegate.swift; sourceTree = "<group>"; };
		8D87C8392B02FEEA009BBE56 /* SheftAppsStylishUI.framework */ = {isa = PBXFileReference; explicitFileType = wrapper.framework; path = SheftAppsStylishUI.framework; sourceTree = BUILT_PRODUCTS_DIR; };
		8D87C83D2B0306A7009BBE56 /* FavoriteFact.swift */ = {isa = PBXFileReference; lastKnownFileType = sourcecode.swift; path = FavoriteFact.swift; sourceTree = "<group>"; };
		8D87C83F2B030890009BBE56 /* UserReference.swift */ = {isa = PBXFileReference; lastKnownFileType = sourcecode.swift; path = UserReference.swift; sourceTree = "<group>"; };
		8D8899DA2AFDF39900BDDDFD /* InappropriateWordsCheckerData.swift */ = {isa = PBXFileReference; fileEncoding = 4; lastKnownFileType = sourcecode.swift; path = InappropriateWordsCheckerData.swift; sourceTree = "<group>"; };
		8D8899DB2AFDF39900BDDDFD /* GeneratedFact.swift */ = {isa = PBXFileReference; fileEncoding = 4; lastKnownFileType = sourcecode.swift; path = GeneratedFact.swift; sourceTree = "<group>"; };
		8D8899DF2AFDF3D100BDDDFD /* AuthenticationMessageType.swift */ = {isa = PBXFileReference; lastKnownFileType = sourcecode.swift; path = AuthenticationMessageType.swift; sourceTree = "<group>"; };
		8D8899E12AFDF80300BDDDFD /* ViewablePasswordField.swift */ = {isa = PBXFileReference; lastKnownFileType = sourcecode.swift; path = ViewablePasswordField.swift; sourceTree = "<group>"; };
		8D8899E32AFE095200BDDDFD /* Globals.swift */ = {isa = PBXFileReference; lastKnownFileType = sourcecode.swift; path = Globals.swift; sourceTree = "<group>"; };
		8D8F1AF72AFDF25600DB9B7D /* AuthenticationMessageView.swift */ = {isa = PBXFileReference; lastKnownFileType = sourcecode.swift; path = AuthenticationMessageView.swift; sourceTree = "<group>"; };
		8D8F41C42B15486400550899 /* PrivacyInfo.xcprivacy */ = {isa = PBXFileReference; lastKnownFileType = text.xml; path = PrivacyInfo.xcprivacy; sourceTree = "<group>"; };
		8D8F92B22B393D8A001A9B5B /* AuthenticationManagerErrors.swift */ = {isa = PBXFileReference; lastKnownFileType = sourcecode.swift; path = AuthenticationManagerErrors.swift; sourceTree = "<group>"; };
		8D8F92B42B393DA0001A9B5B /* FavoriteFactsDatabaseErrors.swift */ = {isa = PBXFileReference; lastKnownFileType = sourcecode.swift; path = FavoriteFactsDatabaseErrors.swift; sourceTree = "<group>"; };
		8D95DD202BDAF0C1006FAE63 /* DeveloperSettingsPageView.swift */ = {isa = PBXFileReference; lastKnownFileType = sourcecode.swift; path = DeveloperSettingsPageView.swift; sourceTree = "<group>"; };
		8D95DD232BDAF888006FAE63 /* DisplaySettingsPageView.swift */ = {isa = PBXFileReference; lastKnownFileType = sourcecode.swift; path = DisplaySettingsPageView.swift; sourceTree = "<group>"; };
		8D95DD252BDAF899006FAE63 /* AccountSettingsPageView.swift */ = {isa = PBXFileReference; lastKnownFileType = sourcecode.swift; path = AccountSettingsPageView.swift; sourceTree = "<group>"; };
		8D95DD272BDAF8B0006FAE63 /* SpeechSettingsPageView.swift */ = {isa = PBXFileReference; lastKnownFileType = sourcecode.swift; path = SpeechSettingsPageView.swift; sourceTree = "<group>"; };
		8D95DD292BDAF8C3006FAE63 /* AdvancedSettingsPageView.swift */ = {isa = PBXFileReference; lastKnownFileType = sourcecode.swift; path = AdvancedSettingsPageView.swift; sourceTree = "<group>"; };
		8D992FB22B0737BA004AF5CB /* Info.plist */ = {isa = PBXFileReference; lastKnownFileType = text.plist.xml; path = Info.plist; sourceTree = "<group>"; };
		8DA2C40E292C1E1100705A2F /* RandoFacto.app */ = {isa = PBXFileReference; explicitFileType = wrapper.application; includeInIndex = 0; path = RandoFacto.app; sourceTree = BUILT_PRODUCTS_DIR; };
		8DA2C411292C1E1100705A2F /* RandoFactoApp.swift */ = {isa = PBXFileReference; lastKnownFileType = sourcecode.swift; path = RandoFactoApp.swift; sourceTree = "<group>"; };
		8DA2C415292C1E1200705A2F /* Assets.xcassets */ = {isa = PBXFileReference; lastKnownFileType = folder.assetcatalog; path = Assets.xcassets; sourceTree = "<group>"; };
		8DA2C417292C1E1200705A2F /* RandoFacto.entitlements */ = {isa = PBXFileReference; lastKnownFileType = text.plist.entitlements; path = RandoFacto.entitlements; sourceTree = "<group>"; };
		8DA2C419292C1E1200705A2F /* Preview Assets.xcassets */ = {isa = PBXFileReference; lastKnownFileType = folder.assetcatalog; path = "Preview Assets.xcassets"; sourceTree = "<group>"; };
		8DA2C420292C1E6000705A2F /* FactGenerator.swift */ = {isa = PBXFileReference; lastKnownFileType = sourcecode.swift; path = FactGenerator.swift; sourceTree = "<group>"; };
		8DAFBC832B1AB52400C0907F /* FieldNeedsAttentionView.swift */ = {isa = PBXFileReference; lastKnownFileType = sourcecode.swift; path = FieldNeedsAttentionView.swift; sourceTree = "<group>"; };
		8DC867D12BC4866300A51787 /* PrivacyPolicyButton.swift */ = {isa = PBXFileReference; lastKnownFileType = sourcecode.swift; path = PrivacyPolicyButton.swift; sourceTree = "<group>"; };
		8DCE5DE42B080AA200DD3CE7 /* SettingsPage.swift */ = {isa = PBXFileReference; lastKnownFileType = sourcecode.swift; path = SettingsPage.swift; sourceTree = "<group>"; };
		8DCE5DE62B08272B00DD3CE7 /* RandoFactoCommands.swift */ = {isa = PBXFileReference; lastKnownFileType = sourcecode.swift; path = RandoFactoCommands.swift; sourceTree = "<group>"; };
		8DCE5DE82B084F6000DD3CE7 /* UnfavoriteAllButton.swift */ = {isa = PBXFileReference; lastKnownFileType = sourcecode.swift; path = UnfavoriteAllButton.swift; sourceTree = "<group>"; };
		8DCF671E297F58B7006DE41E /* FavoriteFactsListView.swift */ = {isa = PBXFileReference; lastKnownFileType = sourcecode.swift; path = FavoriteFactsListView.swift; sourceTree = "<group>"; };
		8DEB531E2BBB4E5400788A04 /* PreviewManager.swift */ = {isa = PBXFileReference; lastKnownFileType = sourcecode.swift; path = PreviewManager.swift; sourceTree = "<group>"; };
		8DEB53212BBB54E600788A04 /* PreviewDataModifier.swift */ = {isa = PBXFileReference; lastKnownFileType = sourcecode.swift; path = PreviewDataModifier.swift; sourceTree = "<group>"; };
		8DEF074B2B241D5B00F0375F /* AuthenticationManager.swift */ = {isa = PBXFileReference; lastKnownFileType = sourcecode.swift; path = AuthenticationManager.swift; sourceTree = "<group>"; };
		8DEF074D2B241DBA00F0375F /* FavoriteFactsDatabase.swift */ = {isa = PBXFileReference; lastKnownFileType = sourcecode.swift; path = FavoriteFactsDatabase.swift; sourceTree = "<group>"; };
		8DF48E2E2936A62900152681 /* GoogleService-Info.plist */ = {isa = PBXFileReference; fileEncoding = 4; lastKnownFileType = text.plist.xml; path = "GoogleService-Info.plist"; sourceTree = "<group>"; };
		8DF48E302936A80700152681 /* AppStateManager.swift */ = {isa = PBXFileReference; lastKnownFileType = sourcecode.swift; path = AppStateManager.swift; sourceTree = "<group>"; };
		8DF48E382936B02900152681 /* RandoFactoError.swift */ = {isa = PBXFileReference; lastKnownFileType = sourcecode.swift; path = RandoFactoError.swift; sourceTree = "<group>"; };
		8DFEB0A22AFAF64800F57DB1 /* SettingsView.swift */ = {isa = PBXFileReference; lastKnownFileType = sourcecode.swift; path = SettingsView.swift; sourceTree = "<group>"; };
		8DFEB0A42AFAF6FD00F57DB1 /* ContentView.swift */ = {isa = PBXFileReference; lastKnownFileType = sourcecode.swift; path = ContentView.swift; sourceTree = "<group>"; };
		8DFEB0A62AFAF77800F57DB1 /* FactView.swift */ = {isa = PBXFileReference; fileEncoding = 4; lastKnownFileType = sourcecode.swift; path = FactView.swift; sourceTree = "<group>"; };
/* End PBXFileReference section */

/* Begin PBXFrameworksBuildPhase section */
		8DA2C40B292C1E1100705A2F /* Frameworks */ = {
			isa = PBXFrameworksBuildPhase;
			buildActionMask = 2147483647;
			files = (
				8D87C8242B02FBA7009BBE56 /* FirebaseFunctionsCombine-Community in Frameworks */,
				8D87C81C2B02FBA7009BBE56 /* FirebaseFirestore in Frameworks */,
				8D87C8102B02FBA7009BBE56 /* FirebaseAuth in Frameworks */,
				8D53C38D2CDEF2120091B474 /* FirebaseFirestore in Frameworks */,
				8D87C83A2B02FEEA009BBE56 /* SheftAppsStylishUI.framework in Frameworks */,
				8D87C8222B02FBA7009BBE56 /* FirebaseFunctions in Frameworks */,
				8D87C8122B02FBA7009BBE56 /* FirebaseAuthCombine-Community in Frameworks */,
				8D53C38B2CDEF2120091B474 /* FirebaseCrashlytics in Frameworks */,
				8D87C81E2B02FBA7009BBE56 /* FirebaseFirestoreCombine-Community in Frameworks */,
				8D53C3892CDEF2120091B474 /* FirebaseAuth in Frameworks */,
			);
			runOnlyForDeploymentPostprocessing = 0;
		};
/* End PBXFrameworksBuildPhase section */

/* Begin PBXGroup section */
		8D31D8542B27C0C0009F29EE /* App Pages */ = {
			isa = PBXGroup;
			children = (
				8DFEB0A62AFAF77800F57DB1 /* FactView.swift */,
				8DCF671E297F58B7006DE41E /* FavoriteFactsListView.swift */,
			);
			path = "App Pages";
			sourceTree = "<group>";
		};
		8D31D8552B27C0C9009F29EE /* Controls */ = {
			isa = PBXGroup;
			children = (
				8DCE5DE82B084F6000DD3CE7 /* UnfavoriteAllButton.swift */,
				8D2A7B2F2B5B277300142BDA /* SpeakButton.swift */,
				8DC867D12BC4866300A51787 /* PrivacyPolicyButton.swift */,
			);
			path = Controls;
			sourceTree = "<group>";
		};
		8D55113E2B05976800BB61D4 /* Error Handling */ = {
			isa = PBXGroup;
			children = (
				8D69ADE92B1FCC20002BA65E /* ErrorManager.swift */,
				8DF48E382936B02900152681 /* RandoFactoError.swift */,
				8D55113F2B059B3D00BB61D4 /* FactGeneratorErrors.swift */,
				8D86FF042AF56CA600239DEE /* HTTPResponseExtension.swift */,
				8D8F92B22B393D8A001A9B5B /* AuthenticationManagerErrors.swift */,
				8D8F92B42B393DA0001A9B5B /* FavoriteFactsDatabaseErrors.swift */,
			);
			path = "Error Handling";
			sourceTree = "<group>";
		};
		8D5E25112B606AC400B51730 /* Main Model Objects */ = {
			isa = PBXGroup;
			children = (
				8DF48E302936A80700152681 /* AppStateManager.swift */,
				8DA2C420292C1E6000705A2F /* FactGenerator.swift */,
				8D5E9A292B226DE800C261B8 /* NetworkConnectionManager.swift */,
				8DEB531E2BBB4E5400788A04 /* PreviewManager.swift */,
			);
			path = "Main Model Objects";
			sourceTree = "<group>";
		};
		8D63D5F72AFEBBE90084BACF /* Authentication */ = {
			isa = PBXGroup;
			children = (
				8DEF074B2B241D5B00F0375F /* AuthenticationManager.swift */,
				8D86430D2AEC594F0084C772 /* AuthenticationFormType.swift */,
				8D5E25082B5DAD0A00B51730 /* AuthenticationFormField.swift */,
				8D8899DF2AFDF3D100BDDDFD /* AuthenticationMessageType.swift */,
				8D63D5FC2AFF4A180084BACF /* StringEmojiChecker.swift */,
				8D63D5F82AFF1D470084BACF /* UserDeletionStage.swift */,
			);
			path = Authentication;
			sourceTree = "<group>";
		};
		8D8899D92AFDF39900BDDDFD /* Decodable Data */ = {
			isa = PBXGroup;
			children = (
				8D8899DB2AFDF39900BDDDFD /* GeneratedFact.swift */,
				8D87C83D2B0306A7009BBE56 /* FavoriteFact.swift */,
				8D8899DA2AFDF39900BDDDFD /* InappropriateWordsCheckerData.swift */,
				8D87C83F2B030890009BBE56 /* UserReference.swift */,
			);
			path = "Decodable Data";
			sourceTree = "<group>";
		};
		8D8899DE2AFDF3B100BDDDFD /* Favorite Facts */ = {
			isa = PBXGroup;
			children = (
				8DEF074D2B241DBA00F0375F /* FavoriteFactsDatabase.swift */,
				8D0A3C3E2B1FA6F500B7345D /* FavoriteFactsListDisplayManager.swift */,
			);
			path = "Favorite Facts";
			sourceTree = "<group>";
		};
		8D91FEA02AE22C8C00ACB743 /* UI and Images */ = {
			isa = PBXGroup;
			children = (
				8DCE5DE62B08272B00DD3CE7 /* RandoFactoCommands.swift */,
				8DA2F332296E38AA0068F761 /* Views */,
				8DA2C418292C1E1200705A2F /* Preview Content */,
				8DA2C415292C1E1200705A2F /* Assets.xcassets */,
			);
			path = "UI and Images";
			sourceTree = "<group>";
		};
		8D91FEA12AE22CB600ACB743 /* Supporting Files */ = {
			isa = PBXGroup;
			children = (
				8D8899E32AFE095200BDDDFD /* Globals.swift */,
				8D31D8522B27B758009F29EE /* APIKeys.swift */,
				8D992FB22B0737BA004AF5CB /* Info.plist */,
				8DF48E2E2936A62900152681 /* GoogleService-Info.plist */,
				8DA2C417292C1E1200705A2F /* RandoFacto.entitlements */,
				8D8F41C42B15486400550899 /* PrivacyInfo.xcprivacy */,
			);
			path = "Supporting Files";
			sourceTree = "<group>";
		};
		8D95DD222BDAF86C006FAE63 /* Settings */ = {
			isa = PBXGroup;
			children = (
				8DFEB0A22AFAF64800F57DB1 /* SettingsView.swift */,
				8D95DD232BDAF888006FAE63 /* DisplaySettingsPageView.swift */,
				8D95DD272BDAF8B0006FAE63 /* SpeechSettingsPageView.swift */,
				8D95DD252BDAF899006FAE63 /* AccountSettingsPageView.swift */,
				8D95DD292BDAF8C3006FAE63 /* AdvancedSettingsPageView.swift */,
				8D95DD202BDAF0C1006FAE63 /* DeveloperSettingsPageView.swift */,
			);
			path = Settings;
			sourceTree = "<group>";
		};
		8D992FB12B073549004AF5CB /* Main App Structure */ = {
			isa = PBXGroup;
			children = (
				8DA2C411292C1E1100705A2F /* RandoFactoApp.swift */,
				8D87C7CB2B02D97F009BBE56 /* AppDelegate.swift */,
			);
			path = "Main App Structure";
			sourceTree = "<group>";
		};
		8DA2C405292C1E1100705A2F = {
			isa = PBXGroup;
			children = (
				8DA2C410292C1E1100705A2F /* RandoFacto */,
				8DA2C40F292C1E1100705A2F /* Products */,
				8DF48E332936A9E000152681 /* Frameworks */,
			);
			sourceTree = "<group>";
		};
		8DA2C40F292C1E1100705A2F /* Products */ = {
			isa = PBXGroup;
			children = (
				8DA2C40E292C1E1100705A2F /* RandoFacto.app */,
			);
			name = Products;
			sourceTree = "<group>";
		};
		8DA2C410292C1E1100705A2F /* RandoFacto */ = {
			isa = PBXGroup;
			children = (
				8D992FB12B073549004AF5CB /* Main App Structure */,
				8D91FEA02AE22C8C00ACB743 /* UI and Images */,
				8DA2F333296E38C40068F761 /* Model */,
				8D91FEA12AE22CB600ACB743 /* Supporting Files */,
			);
			path = RandoFacto;
			sourceTree = "<group>";
		};
		8DA2C418292C1E1200705A2F /* Preview Content */ = {
			isa = PBXGroup;
			children = (
				8DA2C419292C1E1200705A2F /* Preview Assets.xcassets */,
				8DEB53212BBB54E600788A04 /* PreviewDataModifier.swift */,
			);
			path = "Preview Content";
			sourceTree = "<group>";
		};
		8DA2F332296E38AA0068F761 /* Views */ = {
			isa = PBXGroup;
			children = (
				8DFEB0A42AFAF6FD00F57DB1 /* ContentView.swift */,
				8D31D8542B27C0C0009F29EE /* App Pages */,
				8D95DD222BDAF86C006FAE63 /* Settings */,
				8DAFBC852B1AD4BD00C0907F /* Authentication */,
				8D31D8552B27C0C9009F29EE /* Controls */,
				8D5E25042B5B8EFF00B51730 /* OnboardingView.swift */,
			);
			path = Views;
			sourceTree = "<group>";
		};
		8DA2F333296E38C40068F761 /* Model */ = {
			isa = PBXGroup;
			children = (
				8D5E25112B606AC400B51730 /* Main Model Objects */,
				8D8899D92AFDF39900BDDDFD /* Decodable Data */,
				8D8899DE2AFDF3B100BDDDFD /* Favorite Facts */,
				8DCE5DE32B080A8C00DD3CE7 /* Pages */,
				8D63D5F72AFEBBE90084BACF /* Authentication */,
				8D55113E2B05976800BB61D4 /* Error Handling */,
				8D2A7B352B5B48A400142BDA /* FirestoreNames.swift */,
				8D5E25122B6198B500B51730 /* URLRequestExtension.swift */,
			);
			path = Model;
			sourceTree = "<group>";
		};
		8DAFBC852B1AD4BD00C0907F /* Authentication */ = {
			isa = PBXGroup;
			children = (
				8D0312212AF995AF00DBB2B2 /* AuthenticationFormView.swift */,
				8D8F1AF72AFDF25600DB9B7D /* AuthenticationMessageView.swift */,
				8D8899E12AFDF80300BDDDFD /* ViewablePasswordField.swift */,
				8DAFBC832B1AB52400C0907F /* FieldNeedsAttentionView.swift */,
				8D012F7C2C0E5D3100A6254B /* PrivacyPolicyAgreementText.swift */,
			);
			path = Authentication;
			sourceTree = "<group>";
		};
		8DCE5DE32B080A8C00DD3CE7 /* Pages */ = {
			isa = PBXGroup;
			children = (
				8D051C5D2AFB15590064E90E /* AppPage.swift */,
				8DCE5DE42B080AA200DD3CE7 /* SettingsPage.swift */,
			);
			path = Pages;
			sourceTree = "<group>";
		};
		8DF48E332936A9E000152681 /* Frameworks */ = {
			isa = PBXGroup;
			children = (
				8D87C8392B02FEEA009BBE56 /* SheftAppsStylishUI.framework */,
				8D0C38D52ADDC9AB00EBB03A /* SheftAppsStylishUI.framework */,
			);
			name = Frameworks;
			sourceTree = "<group>";
		};
/* End PBXGroup section */

/* Begin PBXNativeTarget section */
		8DA2C40D292C1E1100705A2F /* RandoFacto */ = {
			isa = PBXNativeTarget;
			buildConfigurationList = 8DA2C41D292C1E1200705A2F /* Build configuration list for PBXNativeTarget "RandoFacto" */;
			buildPhases = (
				8DA2C40A292C1E1100705A2F /* Sources */,
				8DA2C40B292C1E1100705A2F /* Frameworks */,
				8DA2C40C292C1E1100705A2F /* Resources */,
				8D87C83C2B02FEEA009BBE56 /* Embed Frameworks */,
				8D6DD17B2B16F96B00CA2F20 /* ShellScript */,
			);
			buildRules = (
			);
			dependencies = (
			);
			name = RandoFacto;
			packageProductDependencies = (
				8D87C80F2B02FBA7009BBE56 /* FirebaseAuth */,
				8D87C8112B02FBA7009BBE56 /* FirebaseAuthCombine-Community */,
				8D87C81B2B02FBA7009BBE56 /* FirebaseFirestore */,
				8D87C81D2B02FBA7009BBE56 /* FirebaseFirestoreCombine-Community */,
				8D87C8212B02FBA7009BBE56 /* FirebaseFunctions */,
				8D87C8232B02FBA7009BBE56 /* FirebaseFunctionsCombine-Community */,
				8D53C3882CDEF2120091B474 /* FirebaseAuth */,
				8D53C38A2CDEF2120091B474 /* FirebaseCrashlytics */,
				8D53C38C2CDEF2120091B474 /* FirebaseFirestore */,
			);
			productName = RandoFacto;
			productReference = 8DA2C40E292C1E1100705A2F /* RandoFacto.app */;
			productType = "com.apple.product-type.application";
		};
/* End PBXNativeTarget section */

/* Begin PBXProject section */
		8DA2C406292C1E1100705A2F /* Project object */ = {
			isa = PBXProject;
			attributes = {
				BuildIndependentTargetsInParallel = 1;
				LastSwiftUpdateCheck = 1410;
				LastUpgradeCheck = 1520;
				ORGANIZATIONNAME = SheftApps;
				TargetAttributes = {
					8DA2C40D292C1E1100705A2F = {
						CreatedOnToolsVersion = 14.1;
					};
				};
			};
			buildConfigurationList = 8DA2C409292C1E1100705A2F /* Build configuration list for PBXProject "RandoFacto" */;
			compatibilityVersion = "Xcode 14.0";
			developmentRegion = en;
			hasScannedForEncodings = 0;
			knownRegions = (
				en,
				Base,
			);
			mainGroup = 8DA2C405292C1E1100705A2F;
			packageReferences = (
				8D53C3872CDEF2120091B474 /* XCRemoteSwiftPackageReference "firebase-ios-sdk" */,
			);
			productRefGroup = 8DA2C40F292C1E1100705A2F /* Products */;
			projectDirPath = "";
			projectRoot = "";
			targets = (
				8DA2C40D292C1E1100705A2F /* RandoFacto */,
			);
		};
/* End PBXProject section */

/* Begin PBXResourcesBuildPhase section */
		8DA2C40C292C1E1100705A2F /* Resources */ = {
			isa = PBXResourcesBuildPhase;
			buildActionMask = 2147483647;
			files = (
				8DF8D9DF2A27DDA700874AFC /* GoogleService-Info.plist in Resources */,
				8DA2C41A292C1E1200705A2F /* Preview Assets.xcassets in Resources */,
				8DA2C416292C1E1200705A2F /* Assets.xcassets in Resources */,
			);
			runOnlyForDeploymentPostprocessing = 0;
		};
/* End PBXResourcesBuildPhase section */

/* Begin PBXShellScriptBuildPhase section */
		8D6DD17B2B16F96B00CA2F20 /* ShellScript */ = {
			isa = PBXShellScriptBuildPhase;
			alwaysOutOfDate = 1;
			buildActionMask = 8;
			files = (
			);
			inputFileListPaths = (
			);
			inputPaths = (
				"$(SRCROOT)/${DWARF_DSYM_FOLDER_PATH}/${DWARF_DSYM_FILE_NAME}",
				"$(SRCROOT)/${DWARF_DSYM_FOLDER_PATH}/${DWARF_DSYM_FILE_NAME}/Contents/Resources/DWARF/${PRODUCT_NAME}",
				"$(SRCROOT)/${DWARF_DSYM_FOLDER_PATH}/${DWARF_DSYM_FILE_NAME}/Contents/Info.plist",
				"$(SRCROOT)/$(TARGET_BUILD_DIR)/$(UNLOCALIZED_RESOURCES_FOLDER_PATH)/GoogleService-Info.plist",
				"$(SRCROOT)/$(TARGET_BUILD_DIR)/$(EXECUTABLE_PATH)",
			);
			outputFileListPaths = (
			);
			outputPaths = (
			);
			runOnlyForDeploymentPostprocessing = 1;
			shellPath = /bin/sh;
			shellScript = "# Type a script or drag a script file from your workspace to insert its path.\n# This script uploads a debug symbol (dSYM) file to Firebase Crashlytics each time the project is built.\nif [ \"${ENABLE_PREVIEWS}\" = \"YES\" ]; then\n  echo \"Previews enabled, quitting to prevent 'preview paused'.\"\n  exit 0;\nfi\n\"${BUILD_DIR%/Build/*}/SourcePackages/checkouts/firebase-ios-sdk/Crashlytics/run\"\nexit 0\n";
		};
/* End PBXShellScriptBuildPhase section */

/* Begin PBXSourcesBuildPhase section */
		8DA2C40A292C1E1100705A2F /* Sources */ = {
			isa = PBXSourcesBuildPhase;
			buildActionMask = 2147483647;
			files = (
				8DA2C421292C1E6000705A2F /* FactGenerator.swift in Sources */,
				8D8899E22AFDF80300BDDDFD /* ViewablePasswordField.swift in Sources */,
				8DF48E392936B02900152681 /* RandoFactoError.swift in Sources */,
				8DFEB0A52AFAF6FD00F57DB1 /* ContentView.swift in Sources */,
				8D63D5F92AFF1D470084BACF /* UserDeletionStage.swift in Sources */,
				8DCE5DE92B084F6000DD3CE7 /* UnfavoriteAllButton.swift in Sources */,
				8D2A7B302B5B277300142BDA /* SpeakButton.swift in Sources */,
				8DFEB0A32AFAF64800F57DB1 /* SettingsView.swift in Sources */,
				8DF48E312936A80700152681 /* AppStateManager.swift in Sources */,
				8DFEB0A72AFAF77800F57DB1 /* FactView.swift in Sources */,
				8DEB531F2BBB4E5400788A04 /* PreviewManager.swift in Sources */,
				8DCE5DE52B080AA200DD3CE7 /* SettingsPage.swift in Sources */,
				8D63D5FD2AFF4A180084BACF /* StringEmojiChecker.swift in Sources */,
				8D8899E42AFE095200BDDDFD /* Globals.swift in Sources */,
				8D5E25052B5B8EFF00B51730 /* OnboardingView.swift in Sources */,
				8D5511402B059B3D00BB61D4 /* FactGeneratorErrors.swift in Sources */,
				8D95DD212BDAF0C1006FAE63 /* DeveloperSettingsPageView.swift in Sources */,
				8D012F7D2C0E5D3100A6254B /* PrivacyPolicyAgreementText.swift in Sources */,
				8D5E9A2A2B226DE800C261B8 /* NetworkConnectionManager.swift in Sources */,
				8D69ADEA2B1FCC20002BA65E /* ErrorManager.swift in Sources */,
				8D31D8532B27B759009F29EE /* APIKeys.swift in Sources */,
				8D5E25092B5DAD0A00B51730 /* AuthenticationFormField.swift in Sources */,
				8D0312222AF995AF00DBB2B2 /* AuthenticationFormView.swift in Sources */,
				8D8F1AF82AFDF25600DB9B7D /* AuthenticationMessageView.swift in Sources */,
				8DEB53222BBB54E600788A04 /* PreviewDataModifier.swift in Sources */,
				8D95DD2A2BDAF8C3006FAE63 /* AdvancedSettingsPageView.swift in Sources */,
				8D8899DC2AFDF39900BDDDFD /* InappropriateWordsCheckerData.swift in Sources */,
				8D8F92B32B393D8A001A9B5B /* AuthenticationManagerErrors.swift in Sources */,
				8D86FF052AF56CA600239DEE /* HTTPResponseExtension.swift in Sources */,
				8DC867D22BC4866300A51787 /* PrivacyPolicyButton.swift in Sources */,
				8D051C5E2AFB15590064E90E /* AppPage.swift in Sources */,
				8DAFBC842B1AB52400C0907F /* FieldNeedsAttentionView.swift in Sources */,
				8D95DD262BDAF899006FAE63 /* AccountSettingsPageView.swift in Sources */,
				8D2A7B362B5B48A400142BDA /* FirestoreNames.swift in Sources */,
				8D8899DD2AFDF39900BDDDFD /* GeneratedFact.swift in Sources */,
				8DEF074E2B241DBA00F0375F /* FavoriteFactsDatabase.swift in Sources */,
				8D95DD282BDAF8B0006FAE63 /* SpeechSettingsPageView.swift in Sources */,
				8D86430E2AEC594F0084C772 /* AuthenticationFormType.swift in Sources */,
				8D87C83E2B0306A7009BBE56 /* FavoriteFact.swift in Sources */,
				8D87C8402B030890009BBE56 /* UserReference.swift in Sources */,
				8DEF074C2B241D5B00F0375F /* AuthenticationManager.swift in Sources */,
				8D95DD242BDAF888006FAE63 /* DisplaySettingsPageView.swift in Sources */,
				8D8899E02AFDF3D100BDDDFD /* AuthenticationMessageType.swift in Sources */,
				8D0A3C3F2B1FA6F500B7345D /* FavoriteFactsListDisplayManager.swift in Sources */,
				8DA2C412292C1E1100705A2F /* RandoFactoApp.swift in Sources */,
				8DCF671F297F58B7006DE41E /* FavoriteFactsListView.swift in Sources */,
				8DCE5DE72B08272B00DD3CE7 /* RandoFactoCommands.swift in Sources */,
				8D5E25152B6199B300B51730 /* URLRequestExtension.swift in Sources */,
				8D87C7CC2B02D97F009BBE56 /* AppDelegate.swift in Sources */,
				8D8F92B52B393DA0001A9B5B /* FavoriteFactsDatabaseErrors.swift in Sources */,
			);
			runOnlyForDeploymentPostprocessing = 0;
		};
/* End PBXSourcesBuildPhase section */

/* Begin XCBuildConfiguration section */
		8DA2C41B292C1E1200705A2F /* Debug */ = {
			isa = XCBuildConfiguration;
			buildSettings = {
				ALWAYS_SEARCH_USER_PATHS = NO;
				ASSETCATALOG_COMPILER_GENERATE_SWIFT_ASSET_SYMBOL_EXTENSIONS = YES;
				CLANG_ANALYZER_NONNULL = YES;
				CLANG_ANALYZER_NUMBER_OBJECT_CONVERSION = YES_AGGRESSIVE;
				CLANG_CXX_LANGUAGE_STANDARD = "gnu++20";
				CLANG_ENABLE_MODULES = YES;
				CLANG_ENABLE_OBJC_ARC = YES;
				CLANG_ENABLE_OBJC_WEAK = YES;
				CLANG_WARN_BLOCK_CAPTURE_AUTORELEASING = YES;
				CLANG_WARN_BOOL_CONVERSION = YES;
				CLANG_WARN_COMMA = YES;
				CLANG_WARN_CONSTANT_CONVERSION = YES;
				CLANG_WARN_DEPRECATED_OBJC_IMPLEMENTATIONS = YES;
				CLANG_WARN_DIRECT_OBJC_ISA_USAGE = YES_ERROR;
				CLANG_WARN_DOCUMENTATION_COMMENTS = YES;
				CLANG_WARN_EMPTY_BODY = YES;
				CLANG_WARN_ENUM_CONVERSION = YES;
				CLANG_WARN_INFINITE_RECURSION = YES;
				CLANG_WARN_INT_CONVERSION = YES;
				CLANG_WARN_NON_LITERAL_NULL_CONVERSION = YES;
				CLANG_WARN_OBJC_IMPLICIT_RETAIN_SELF = YES;
				CLANG_WARN_OBJC_LITERAL_CONVERSION = YES;
				CLANG_WARN_OBJC_ROOT_CLASS = YES_ERROR;
				CLANG_WARN_QUOTED_INCLUDE_IN_FRAMEWORK_HEADER = YES;
				CLANG_WARN_RANGE_LOOP_ANALYSIS = YES;
				CLANG_WARN_STRICT_PROTOTYPES = YES;
				CLANG_WARN_SUSPICIOUS_MOVE = YES;
				CLANG_WARN_UNGUARDED_AVAILABILITY = YES_AGGRESSIVE;
				CLANG_WARN_UNREACHABLE_CODE = YES;
				CLANG_WARN__DUPLICATE_METHOD_MATCH = YES;
				COPY_PHASE_STRIP = NO;
				DEAD_CODE_STRIPPING = YES;
				DEBUG_INFORMATION_FORMAT = dwarf;
				ENABLE_STRICT_OBJC_MSGSEND = YES;
				ENABLE_TESTABILITY = YES;
				ENABLE_USER_SCRIPT_SANDBOXING = YES;
				GCC_C_LANGUAGE_STANDARD = gnu11;
				GCC_DYNAMIC_NO_PIC = NO;
				GCC_NO_COMMON_BLOCKS = YES;
				GCC_OPTIMIZATION_LEVEL = 0;
				GCC_PREPROCESSOR_DEFINITIONS = (
					"DEBUG=1",
					"$(inherited)",
				);
				GCC_WARN_64_TO_32_BIT_CONVERSION = YES;
				GCC_WARN_ABOUT_RETURN_TYPE = YES_ERROR;
				GCC_WARN_UNDECLARED_SELECTOR = YES;
				GCC_WARN_UNINITIALIZED_AUTOS = YES_AGGRESSIVE;
				GCC_WARN_UNUSED_FUNCTION = YES;
				GCC_WARN_UNUSED_VARIABLE = YES;
				INFOPLIST_KEY_NSHumanReadableCopyright = "Copyright © 2022-2025 SheftApps. All rights reserved.";
				MTL_ENABLE_DEBUG_INFO = INCLUDE_SOURCE;
				MTL_FAST_MATH = YES;
				ONLY_ACTIVE_ARCH = YES;
				SWIFT_ACTIVE_COMPILATION_CONDITIONS = DEBUG;
				SWIFT_OPTIMIZATION_LEVEL = "-Onone";
			};
			name = Debug;
		};
		8DA2C41C292C1E1200705A2F /* Release */ = {
			isa = XCBuildConfiguration;
			buildSettings = {
				ALWAYS_SEARCH_USER_PATHS = NO;
				ASSETCATALOG_COMPILER_GENERATE_SWIFT_ASSET_SYMBOL_EXTENSIONS = YES;
				CLANG_ANALYZER_NONNULL = YES;
				CLANG_ANALYZER_NUMBER_OBJECT_CONVERSION = YES_AGGRESSIVE;
				CLANG_CXX_LANGUAGE_STANDARD = "gnu++20";
				CLANG_ENABLE_MODULES = YES;
				CLANG_ENABLE_OBJC_ARC = YES;
				CLANG_ENABLE_OBJC_WEAK = YES;
				CLANG_WARN_BLOCK_CAPTURE_AUTORELEASING = YES;
				CLANG_WARN_BOOL_CONVERSION = YES;
				CLANG_WARN_COMMA = YES;
				CLANG_WARN_CONSTANT_CONVERSION = YES;
				CLANG_WARN_DEPRECATED_OBJC_IMPLEMENTATIONS = YES;
				CLANG_WARN_DIRECT_OBJC_ISA_USAGE = YES_ERROR;
				CLANG_WARN_DOCUMENTATION_COMMENTS = YES;
				CLANG_WARN_EMPTY_BODY = YES;
				CLANG_WARN_ENUM_CONVERSION = YES;
				CLANG_WARN_INFINITE_RECURSION = YES;
				CLANG_WARN_INT_CONVERSION = YES;
				CLANG_WARN_NON_LITERAL_NULL_CONVERSION = YES;
				CLANG_WARN_OBJC_IMPLICIT_RETAIN_SELF = YES;
				CLANG_WARN_OBJC_LITERAL_CONVERSION = YES;
				CLANG_WARN_OBJC_ROOT_CLASS = YES_ERROR;
				CLANG_WARN_QUOTED_INCLUDE_IN_FRAMEWORK_HEADER = YES;
				CLANG_WARN_RANGE_LOOP_ANALYSIS = YES;
				CLANG_WARN_STRICT_PROTOTYPES = YES;
				CLANG_WARN_SUSPICIOUS_MOVE = YES;
				CLANG_WARN_UNGUARDED_AVAILABILITY = YES_AGGRESSIVE;
				CLANG_WARN_UNREACHABLE_CODE = YES;
				CLANG_WARN__DUPLICATE_METHOD_MATCH = YES;
				COPY_PHASE_STRIP = NO;
				DEAD_CODE_STRIPPING = YES;
				DEBUG_INFORMATION_FORMAT = "dwarf-with-dsym";
				ENABLE_NS_ASSERTIONS = NO;
				ENABLE_STRICT_OBJC_MSGSEND = YES;
				ENABLE_USER_SCRIPT_SANDBOXING = YES;
				GCC_C_LANGUAGE_STANDARD = gnu11;
				GCC_NO_COMMON_BLOCKS = YES;
				GCC_WARN_64_TO_32_BIT_CONVERSION = YES;
				GCC_WARN_ABOUT_RETURN_TYPE = YES_ERROR;
				GCC_WARN_UNDECLARED_SELECTOR = YES;
				GCC_WARN_UNINITIALIZED_AUTOS = YES_AGGRESSIVE;
				GCC_WARN_UNUSED_FUNCTION = YES;
				GCC_WARN_UNUSED_VARIABLE = YES;
				INFOPLIST_KEY_NSHumanReadableCopyright = "Copyright © 2022-2025 SheftApps. All rights reserved.";
				MTL_ENABLE_DEBUG_INFO = NO;
				MTL_FAST_MATH = YES;
				SWIFT_COMPILATION_MODE = wholemodule;
				SWIFT_OPTIMIZATION_LEVEL = "-O";
			};
			name = Release;
		};
		8DA2C41E292C1E1200705A2F /* Debug */ = {
			isa = XCBuildConfiguration;
			buildSettings = {
				ASSETCATALOG_COMPILER_APPICON_NAME = AppIcon;
				ASSETCATALOG_COMPILER_GLOBAL_ACCENT_COLOR_NAME = AccentColor;
				CODE_SIGN_ENTITLEMENTS = "RandoFacto/Supporting Files/RandoFacto.entitlements";
				CODE_SIGN_IDENTITY = "-";
				"CODE_SIGN_IDENTITY[sdk=iphoneos*]" = "Apple Development";
				"CODE_SIGN_IDENTITY[sdk=macosx*]" = "Apple Development";
				CODE_SIGN_STYLE = Automatic;
				CURRENT_PROJECT_VERSION = 700;
				DEAD_CODE_STRIPPING = YES;
				DEBUG_INFORMATION_FORMAT = "dwarf-with-dsym";
				DEVELOPMENT_ASSET_PATHS = "\"RandoFacto/UI and Images/Preview Content\"";
				DEVELOPMENT_TEAM = 3B6G4T54X3;
				ENABLE_HARDENED_RUNTIME = NO;
				"ENABLE_HARDENED_RUNTIME[sdk=macosx*]" = YES;
				ENABLE_PREVIEWS = YES;
				ENABLE_USER_SCRIPT_SANDBOXING = NO;
				GENERATE_INFOPLIST_FILE = YES;
				INFOPLIST_FILE = "RandoFacto/Supporting Files/Info.plist";
				INFOPLIST_KEY_LSApplicationCategoryType = "public.app-category.entertainment";
				INFOPLIST_KEY_NSHumanReadableCopyright = "Copyright © 2022-2025 SheftApps. All rights reserved.";
				"INFOPLIST_KEY_UIApplicationSceneManifest_Generation[sdk=iphoneos*]" = YES;
				"INFOPLIST_KEY_UIApplicationSceneManifest_Generation[sdk=iphonesimulator*]" = YES;
				"INFOPLIST_KEY_UIApplicationSupportsIndirectInputEvents[sdk=iphoneos*]" = YES;
				"INFOPLIST_KEY_UIApplicationSupportsIndirectInputEvents[sdk=iphonesimulator*]" = YES;
				"INFOPLIST_KEY_UILaunchScreen_Generation[sdk=iphoneos*]" = YES;
				"INFOPLIST_KEY_UILaunchScreen_Generation[sdk=iphonesimulator*]" = YES;
				INFOPLIST_KEY_UIRequiredDeviceCapabilities = "";
				INFOPLIST_KEY_UIRequiresFullScreen = NO;
				INFOPLIST_KEY_UIStatusBarHidden = NO;
				"INFOPLIST_KEY_UIStatusBarStyle[sdk=iphoneos*]" = UIStatusBarStyleDefault;
				"INFOPLIST_KEY_UIStatusBarStyle[sdk=iphonesimulator*]" = UIStatusBarStyleDefault;
				INFOPLIST_KEY_UISupportedInterfaceOrientations = "UIInterfaceOrientationLandscapeLeft UIInterfaceOrientationLandscapeRight UIInterfaceOrientationPortrait";
				INFOPLIST_KEY_UISupportedInterfaceOrientations_iPad = "UIInterfaceOrientationLandscapeLeft UIInterfaceOrientationLandscapeRight UIInterfaceOrientationPortrait UIInterfaceOrientationPortraitUpsideDown";
				IPHONEOS_DEPLOYMENT_TARGET = 16.0;
				LD_RUNPATH_SEARCH_PATHS = "@executable_path/Frameworks";
				"LD_RUNPATH_SEARCH_PATHS[sdk=macosx*]" = "@executable_path/../Frameworks";
				MACOSX_DEPLOYMENT_TARGET = 13.0;
				MARKETING_VERSION = 2025.5;
				OTHER_LDFLAGS = "-ObjC";
				PRODUCT_BUNDLE_IDENTIFIER = com.tylersheft.RandoFacto;
				PRODUCT_NAME = "$(TARGET_NAME)";
				SDKROOT = auto;
				SUPPORTED_PLATFORMS = "iphoneos iphonesimulator macosx xros xrsimulator";
				SUPPORTS_MACCATALYST = NO;
				SUPPORTS_MAC_DESIGNED_FOR_IPHONE_IPAD = NO;
				SWIFT_EMIT_LOC_STRINGS = YES;
				SWIFT_VERSION = 5.0;
				TARGETED_DEVICE_FAMILY = "1,2,7";
				XROS_DEPLOYMENT_TARGET = 1.0;
			};
			name = Debug;
		};
		8DA2C41F292C1E1200705A2F /* Release */ = {
			isa = XCBuildConfiguration;
			buildSettings = {
				ASSETCATALOG_COMPILER_APPICON_NAME = AppIcon;
				ASSETCATALOG_COMPILER_GLOBAL_ACCENT_COLOR_NAME = AccentColor;
				CODE_SIGN_ENTITLEMENTS = "RandoFacto/Supporting Files/RandoFacto.entitlements";
				CODE_SIGN_IDENTITY = "-";
				"CODE_SIGN_IDENTITY[sdk=iphoneos*]" = "Apple Development";
				"CODE_SIGN_IDENTITY[sdk=macosx*]" = "Apple Development";
				CODE_SIGN_STYLE = Automatic;
				CURRENT_PROJECT_VERSION = 700;
				DEAD_CODE_STRIPPING = YES;
				DEVELOPMENT_ASSET_PATHS = "\"RandoFacto/UI and Images/Preview Content\"";
				DEVELOPMENT_TEAM = 3B6G4T54X3;
				ENABLE_HARDENED_RUNTIME = NO;
				"ENABLE_HARDENED_RUNTIME[sdk=macosx*]" = YES;
				ENABLE_PREVIEWS = YES;
				ENABLE_USER_SCRIPT_SANDBOXING = NO;
				GENERATE_INFOPLIST_FILE = YES;
				INFOPLIST_FILE = "RandoFacto/Supporting Files/Info.plist";
				INFOPLIST_KEY_LSApplicationCategoryType = "public.app-category.entertainment";
				INFOPLIST_KEY_NSHumanReadableCopyright = "Copyright © 2022-2025 SheftApps. All rights reserved.";
				"INFOPLIST_KEY_UIApplicationSceneManifest_Generation[sdk=iphoneos*]" = YES;
				"INFOPLIST_KEY_UIApplicationSceneManifest_Generation[sdk=iphonesimulator*]" = YES;
				"INFOPLIST_KEY_UIApplicationSupportsIndirectInputEvents[sdk=iphoneos*]" = YES;
				"INFOPLIST_KEY_UIApplicationSupportsIndirectInputEvents[sdk=iphonesimulator*]" = YES;
				"INFOPLIST_KEY_UILaunchScreen_Generation[sdk=iphoneos*]" = YES;
				"INFOPLIST_KEY_UILaunchScreen_Generation[sdk=iphonesimulator*]" = YES;
				INFOPLIST_KEY_UIRequiredDeviceCapabilities = "";
				INFOPLIST_KEY_UIRequiresFullScreen = NO;
				INFOPLIST_KEY_UIStatusBarHidden = NO;
				"INFOPLIST_KEY_UIStatusBarStyle[sdk=iphoneos*]" = UIStatusBarStyleDefault;
				"INFOPLIST_KEY_UIStatusBarStyle[sdk=iphonesimulator*]" = UIStatusBarStyleDefault;
				INFOPLIST_KEY_UISupportedInterfaceOrientations = "UIInterfaceOrientationLandscapeLeft UIInterfaceOrientationLandscapeRight UIInterfaceOrientationPortrait";
				INFOPLIST_KEY_UISupportedInterfaceOrientations_iPad = "UIInterfaceOrientationLandscapeLeft UIInterfaceOrientationLandscapeRight UIInterfaceOrientationPortrait UIInterfaceOrientationPortraitUpsideDown";
				IPHONEOS_DEPLOYMENT_TARGET = 16.0;
				LD_RUNPATH_SEARCH_PATHS = "@executable_path/Frameworks";
				"LD_RUNPATH_SEARCH_PATHS[sdk=macosx*]" = "@executable_path/../Frameworks";
				MACOSX_DEPLOYMENT_TARGET = 13.0;
				MARKETING_VERSION = 2025.5;
				OTHER_LDFLAGS = "-ObjC";
				PRODUCT_BUNDLE_IDENTIFIER = com.tylersheft.RandoFacto;
				PRODUCT_NAME = "$(TARGET_NAME)";
				SDKROOT = auto;
				SUPPORTED_PLATFORMS = "iphoneos iphonesimulator macosx xros xrsimulator";
				SUPPORTS_MACCATALYST = NO;
				SUPPORTS_MAC_DESIGNED_FOR_IPHONE_IPAD = NO;
				SWIFT_EMIT_LOC_STRINGS = YES;
				SWIFT_VERSION = 5.0;
				TARGETED_DEVICE_FAMILY = "1,2,7";
				XROS_DEPLOYMENT_TARGET = 1.0;
			};
			name = Release;
		};
/* End XCBuildConfiguration section */

/* Begin XCConfigurationList section */
		8DA2C409292C1E1100705A2F /* Build configuration list for PBXProject "RandoFacto" */ = {
			isa = XCConfigurationList;
			buildConfigurations = (
				8DA2C41B292C1E1200705A2F /* Debug */,
				8DA2C41C292C1E1200705A2F /* Release */,
			);
			defaultConfigurationIsVisible = 0;
			defaultConfigurationName = Release;
		};
		8DA2C41D292C1E1200705A2F /* Build configuration list for PBXNativeTarget "RandoFacto" */ = {
			isa = XCConfigurationList;
			buildConfigurations = (
				8DA2C41E292C1E1200705A2F /* Debug */,
				8DA2C41F292C1E1200705A2F /* Release */,
			);
			defaultConfigurationIsVisible = 0;
			defaultConfigurationName = Release;
		};
/* End XCConfigurationList section */

/* Begin XCRemoteSwiftPackageReference section */
		8D53C3872CDEF2120091B474 /* XCRemoteSwiftPackageReference "firebase-ios-sdk" */ = {
			isa = XCRemoteSwiftPackageReference;
			repositoryURL = "https://github.com/firebase/firebase-ios-sdk";
			requirement = {
				kind = upToNextMajorVersion;
				minimumVersion = 11.4.0;
			};
		};
/* End XCRemoteSwiftPackageReference section */

/* Begin XCSwiftPackageProductDependency section */
		8D53C3882CDEF2120091B474 /* FirebaseAuth */ = {
			isa = XCSwiftPackageProductDependency;
			package = 8D53C3872CDEF2120091B474 /* XCRemoteSwiftPackageReference "firebase-ios-sdk" */;
			productName = FirebaseAuth;
		};
		8D53C38A2CDEF2120091B474 /* FirebaseCrashlytics */ = {
			isa = XCSwiftPackageProductDependency;
			package = 8D53C3872CDEF2120091B474 /* XCRemoteSwiftPackageReference "firebase-ios-sdk" */;
			productName = FirebaseCrashlytics;
		};
		8D53C38C2CDEF2120091B474 /* FirebaseFirestore */ = {
			isa = XCSwiftPackageProductDependency;
			package = 8D53C3872CDEF2120091B474 /* XCRemoteSwiftPackageReference "firebase-ios-sdk" */;
			productName = FirebaseFirestore;
		};
		8D87C80F2B02FBA7009BBE56 /* FirebaseAuth */ = {
			isa = XCSwiftPackageProductDependency;
			productName = FirebaseAuth;
		};
		8D87C8112B02FBA7009BBE56 /* FirebaseAuthCombine-Community */ = {
			isa = XCSwiftPackageProductDependency;
			productName = "FirebaseAuthCombine-Community";
		};
		8D87C81B2B02FBA7009BBE56 /* FirebaseFirestore */ = {
			isa = XCSwiftPackageProductDependency;
			productName = FirebaseFirestore;
		};
		8D87C81D2B02FBA7009BBE56 /* FirebaseFirestoreCombine-Community */ = {
			isa = XCSwiftPackageProductDependency;
			productName = "FirebaseFirestoreCombine-Community";
		};
		8D87C8212B02FBA7009BBE56 /* FirebaseFunctions */ = {
			isa = XCSwiftPackageProductDependency;
			productName = FirebaseFunctions;
		};
		8D87C8232B02FBA7009BBE56 /* FirebaseFunctionsCombine-Community */ = {
			isa = XCSwiftPackageProductDependency;
			productName = "FirebaseFunctionsCombine-Community";
		};
/* End XCSwiftPackageProductDependency section */
	};
	rootObject = 8DA2C406292C1E1100705A2F /* Project object */;
}
