// !$*UTF8*$!
{
	archiveVersion = 1;
	classes = {
	};
	objectVersion = 56;
	objects = {

/* Begin PBXBuildFile section */
		8D0312222AF995AF00DBB2B2 /* AuthenticationFormView.swift in Sources */ = {isa = PBXBuildFile; fileRef = 8D0312212AF995AF00DBB2B2 /* AuthenticationFormView.swift */; };
		8D0312242AF9CAB100DBB2B2 /* LoadingIndicator.swift in Sources */ = {isa = PBXBuildFile; fileRef = 8D0312232AF9CAB100DBB2B2 /* LoadingIndicator.swift */; };
		8D051C5E2AFB15590064E90E /* Tab.swift in Sources */ = {isa = PBXBuildFile; fileRef = 8D051C5D2AFB15590064E90E /* Tab.swift */; };
		8D0C38D62ADDC9AB00EBB03A /* SheftAppsStylishUI.framework in Frameworks */ = {isa = PBXBuildFile; fileRef = 8D0C38D52ADDC9AB00EBB03A /* SheftAppsStylishUI.framework */; };
		8D0C38D72ADDC9AB00EBB03A /* SheftAppsStylishUI.framework in Embed Frameworks */ = {isa = PBXBuildFile; fileRef = 8D0C38D52ADDC9AB00EBB03A /* SheftAppsStylishUI.framework */; settings = {ATTRIBUTES = (CodeSignOnCopy, RemoveHeadersOnCopy, ); }; };
		8D7507832ACDF0D500382FE1 /* Fact.swift in Sources */ = {isa = PBXBuildFile; fileRef = 8D7507822ACDF0D500382FE1 /* Fact.swift */; };
		8D86430E2AEC594F0084C772 /* AuthenticationFormType.swift in Sources */ = {isa = PBXBuildFile; fileRef = 8D86430D2AEC594F0084C772 /* AuthenticationFormType.swift */; };
		8D86FF052AF56CA600239DEE /* HTTPResponseExtension.swift in Sources */ = {isa = PBXBuildFile; fileRef = 8D86FF042AF56CA600239DEE /* HTTPResponseExtension.swift */; };
		8DA01A322AE319F70068A139 /* InappropriateWordsCheckerData.swift in Sources */ = {isa = PBXBuildFile; fileRef = 8DA01A312AE319F70068A139 /* InappropriateWordsCheckerData.swift */; };
		8DA2C412292C1E1100705A2F /* RandoFactoApp.swift in Sources */ = {isa = PBXBuildFile; fileRef = 8DA2C411292C1E1100705A2F /* RandoFactoApp.swift */; };
		8DA2C416292C1E1200705A2F /* Assets.xcassets in Resources */ = {isa = PBXBuildFile; fileRef = 8DA2C415292C1E1200705A2F /* Assets.xcassets */; };
		8DA2C41A292C1E1200705A2F /* Preview Assets.xcassets in Resources */ = {isa = PBXBuildFile; fileRef = 8DA2C419292C1E1200705A2F /* Preview Assets.xcassets */; };
		8DA2C421292C1E6000705A2F /* FactGenerator.swift in Sources */ = {isa = PBXBuildFile; fileRef = 8DA2C420292C1E6000705A2F /* FactGenerator.swift */; };
		8DCF671F297F58B7006DE41E /* FavoritesList.swift in Sources */ = {isa = PBXBuildFile; fileRef = 8DCF671E297F58B7006DE41E /* FavoritesList.swift */; };
		8DD72BC22AC60FFE0032AAB2 /* FirebaseAnalytics in Frameworks */ = {isa = PBXBuildFile; productRef = 8DD72BC12AC60FFE0032AAB2 /* FirebaseAnalytics */; };
		8DD72BC42AC60FFE0032AAB2 /* FirebaseAnalyticsOnDeviceConversion in Frameworks */ = {isa = PBXBuildFile; productRef = 8DD72BC32AC60FFE0032AAB2 /* FirebaseAnalyticsOnDeviceConversion */; };
		8DD72BC62AC60FFE0032AAB2 /* FirebaseAnalyticsSwift in Frameworks */ = {isa = PBXBuildFile; productRef = 8DD72BC52AC60FFE0032AAB2 /* FirebaseAnalyticsSwift */; };
		8DD72BC82AC60FFE0032AAB2 /* FirebaseAnalyticsWithoutAdIdSupport in Frameworks */ = {isa = PBXBuildFile; productRef = 8DD72BC72AC60FFE0032AAB2 /* FirebaseAnalyticsWithoutAdIdSupport */; };
		8DD72BCA2AC60FFE0032AAB2 /* FirebaseAppCheck in Frameworks */ = {isa = PBXBuildFile; productRef = 8DD72BC92AC60FFE0032AAB2 /* FirebaseAppCheck */; };
		8DD72BCC2AC60FFE0032AAB2 /* FirebaseAppDistribution-Beta in Frameworks */ = {isa = PBXBuildFile; productRef = 8DD72BCB2AC60FFE0032AAB2 /* FirebaseAppDistribution-Beta */; };
		8DD72BCE2AC60FFE0032AAB2 /* FirebaseAuth in Frameworks */ = {isa = PBXBuildFile; productRef = 8DD72BCD2AC60FFE0032AAB2 /* FirebaseAuth */; };
		8DD72BD02AC60FFE0032AAB2 /* FirebaseAuthCombine-Community in Frameworks */ = {isa = PBXBuildFile; productRef = 8DD72BCF2AC60FFE0032AAB2 /* FirebaseAuthCombine-Community */; };
		8DD72BD22AC60FFE0032AAB2 /* FirebaseCrashlytics in Frameworks */ = {isa = PBXBuildFile; productRef = 8DD72BD12AC60FFE0032AAB2 /* FirebaseCrashlytics */; };
		8DD72BD42AC610FA0032AAB2 /* FirebaseFirestore in Frameworks */ = {isa = PBXBuildFile; productRef = 8DD72BD32AC610FA0032AAB2 /* FirebaseFirestore */; };
		8DD7920F2A2E78F800C1B61C /* APIKeys.swift in Sources */ = {isa = PBXBuildFile; fileRef = 8DD7920E2A2E78F800C1B61C /* APIKeys.swift */; };
		8DF48E312936A80700152681 /* RandoFactoViewModel.swift in Sources */ = {isa = PBXBuildFile; fileRef = 8DF48E302936A80700152681 /* RandoFactoViewModel.swift */; };
		8DF48E392936B02900152681 /* NetworkError.swift in Sources */ = {isa = PBXBuildFile; fileRef = 8DF48E382936B02900152681 /* NetworkError.swift */; };
		8DF8D9DF2A27DDA700874AFC /* GoogleService-Info.plist in Resources */ = {isa = PBXBuildFile; fileRef = 8DF48E2E2936A62900152681 /* GoogleService-Info.plist */; };
		8DFEB0A32AFAF64800F57DB1 /* AccountView.swift in Sources */ = {isa = PBXBuildFile; fileRef = 8DFEB0A22AFAF64800F57DB1 /* AccountView.swift */; };
		8DFEB0A52AFAF6FD00F57DB1 /* ContentView.swift in Sources */ = {isa = PBXBuildFile; fileRef = 8DFEB0A42AFAF6FD00F57DB1 /* ContentView.swift */; };
		8DFEB0A72AFAF77800F57DB1 /* FactView.swift in Sources */ = {isa = PBXBuildFile; fileRef = 8DFEB0A62AFAF77800F57DB1 /* FactView.swift */; };
/* End PBXBuildFile section */

/* Begin PBXCopyFilesBuildPhase section */
		8D0C38D82ADDC9AB00EBB03A /* Embed Frameworks */ = {
			isa = PBXCopyFilesBuildPhase;
			buildActionMask = 2147483647;
			dstPath = "";
			dstSubfolderSpec = 10;
			files = (
				8D0C38D72ADDC9AB00EBB03A /* SheftAppsStylishUI.framework in Embed Frameworks */,
			);
			name = "Embed Frameworks";
			runOnlyForDeploymentPostprocessing = 0;
		};
/* End PBXCopyFilesBuildPhase section */

/* Begin PBXFileReference section */
		8D0312212AF995AF00DBB2B2 /* AuthenticationFormView.swift */ = {isa = PBXFileReference; lastKnownFileType = sourcecode.swift; path = AuthenticationFormView.swift; sourceTree = "<group>"; };
		8D0312232AF9CAB100DBB2B2 /* LoadingIndicator.swift */ = {isa = PBXFileReference; lastKnownFileType = sourcecode.swift; path = LoadingIndicator.swift; sourceTree = "<group>"; };
		8D051C5D2AFB15590064E90E /* Tab.swift */ = {isa = PBXFileReference; lastKnownFileType = sourcecode.swift; path = Tab.swift; sourceTree = "<group>"; };
		8D0C38D52ADDC9AB00EBB03A /* SheftAppsStylishUI.framework */ = {isa = PBXFileReference; explicitFileType = wrapper.framework; path = SheftAppsStylishUI.framework; sourceTree = BUILT_PRODUCTS_DIR; };
		8D7507822ACDF0D500382FE1 /* Fact.swift */ = {isa = PBXFileReference; lastKnownFileType = sourcecode.swift; path = Fact.swift; sourceTree = "<group>"; };
		8D86430D2AEC594F0084C772 /* AuthenticationFormType.swift */ = {isa = PBXFileReference; lastKnownFileType = sourcecode.swift; path = AuthenticationFormType.swift; sourceTree = "<group>"; };
		8D86FF042AF56CA600239DEE /* HTTPResponseExtension.swift */ = {isa = PBXFileReference; lastKnownFileType = sourcecode.swift; path = HTTPResponseExtension.swift; sourceTree = "<group>"; };
		8DA01A312AE319F70068A139 /* InappropriateWordsCheckerData.swift */ = {isa = PBXFileReference; lastKnownFileType = sourcecode.swift; path = InappropriateWordsCheckerData.swift; sourceTree = "<group>"; };
		8DA2C40E292C1E1100705A2F /* RandoFacto.app */ = {isa = PBXFileReference; explicitFileType = wrapper.application; includeInIndex = 0; path = RandoFacto.app; sourceTree = BUILT_PRODUCTS_DIR; };
		8DA2C411292C1E1100705A2F /* RandoFactoApp.swift */ = {isa = PBXFileReference; lastKnownFileType = sourcecode.swift; path = RandoFactoApp.swift; sourceTree = "<group>"; };
		8DA2C415292C1E1200705A2F /* Assets.xcassets */ = {isa = PBXFileReference; lastKnownFileType = folder.assetcatalog; path = Assets.xcassets; sourceTree = "<group>"; };
		8DA2C417292C1E1200705A2F /* RandoFacto.entitlements */ = {isa = PBXFileReference; lastKnownFileType = text.plist.entitlements; path = RandoFacto.entitlements; sourceTree = "<group>"; };
		8DA2C419292C1E1200705A2F /* Preview Assets.xcassets */ = {isa = PBXFileReference; lastKnownFileType = folder.assetcatalog; path = "Preview Assets.xcassets"; sourceTree = "<group>"; };
		8DA2C420292C1E6000705A2F /* FactGenerator.swift */ = {isa = PBXFileReference; lastKnownFileType = sourcecode.swift; path = FactGenerator.swift; sourceTree = "<group>"; };
		8DCF671E297F58B7006DE41E /* FavoritesList.swift */ = {isa = PBXFileReference; lastKnownFileType = sourcecode.swift; path = FavoritesList.swift; sourceTree = "<group>"; };
		8DD7920E2A2E78F800C1B61C /* APIKeys.swift */ = {isa = PBXFileReference; lastKnownFileType = sourcecode.swift; path = APIKeys.swift; sourceTree = "<group>"; };
		8DF48E2E2936A62900152681 /* GoogleService-Info.plist */ = {isa = PBXFileReference; fileEncoding = 4; lastKnownFileType = text.plist.xml; path = "GoogleService-Info.plist"; sourceTree = "<group>"; };
		8DF48E302936A80700152681 /* RandoFactoViewModel.swift */ = {isa = PBXFileReference; lastKnownFileType = sourcecode.swift; path = RandoFactoViewModel.swift; sourceTree = "<group>"; };
		8DF48E382936B02900152681 /* NetworkError.swift */ = {isa = PBXFileReference; lastKnownFileType = sourcecode.swift; path = NetworkError.swift; sourceTree = "<group>"; };
		8DFEB0A22AFAF64800F57DB1 /* AccountView.swift */ = {isa = PBXFileReference; lastKnownFileType = sourcecode.swift; path = AccountView.swift; sourceTree = "<group>"; };
		8DFEB0A42AFAF6FD00F57DB1 /* ContentView.swift */ = {isa = PBXFileReference; lastKnownFileType = sourcecode.swift; path = ContentView.swift; sourceTree = "<group>"; };
		8DFEB0A62AFAF77800F57DB1 /* FactView.swift */ = {isa = PBXFileReference; fileEncoding = 4; lastKnownFileType = sourcecode.swift; path = FactView.swift; sourceTree = "<group>"; };
/* End PBXFileReference section */

/* Begin PBXFrameworksBuildPhase section */
		8DA2C40B292C1E1100705A2F /* Frameworks */ = {
			isa = PBXFrameworksBuildPhase;
			buildActionMask = 2147483647;
			files = (
				8D0C38D62ADDC9AB00EBB03A /* SheftAppsStylishUI.framework in Frameworks */,
				8DD72BC62AC60FFE0032AAB2 /* FirebaseAnalyticsSwift in Frameworks */,
				8DD72BC22AC60FFE0032AAB2 /* FirebaseAnalytics in Frameworks */,
				8DD72BC42AC60FFE0032AAB2 /* FirebaseAnalyticsOnDeviceConversion in Frameworks */,
				8DD72BD42AC610FA0032AAB2 /* FirebaseFirestore in Frameworks */,
				8DD72BCA2AC60FFE0032AAB2 /* FirebaseAppCheck in Frameworks */,
				8DD72BC82AC60FFE0032AAB2 /* FirebaseAnalyticsWithoutAdIdSupport in Frameworks */,
				8DD72BCE2AC60FFE0032AAB2 /* FirebaseAuth in Frameworks */,
				8DD72BD22AC60FFE0032AAB2 /* FirebaseCrashlytics in Frameworks */,
				8DD72BCC2AC60FFE0032AAB2 /* FirebaseAppDistribution-Beta in Frameworks */,
				8DD72BD02AC60FFE0032AAB2 /* FirebaseAuthCombine-Community in Frameworks */,
			);
			runOnlyForDeploymentPostprocessing = 0;
		};
/* End PBXFrameworksBuildPhase section */

/* Begin PBXGroup section */
		8D91FEA02AE22C8C00ACB743 /* UI and Images */ = {
			isa = PBXGroup;
			children = (
				8DA2F332296E38AA0068F761 /* Views */,
				8DA2C418292C1E1200705A2F /* Preview Content */,
				8DA2C415292C1E1200705A2F /* Assets.xcassets */,
			);
			path = "UI and Images";
			sourceTree = "<group>";
		};
		8D91FEA12AE22CB600ACB743 /* Supporting Files */ = {
			isa = PBXGroup;
			children = (
				8DA2C417292C1E1200705A2F /* RandoFacto.entitlements */,
				8DF48E2E2936A62900152681 /* GoogleService-Info.plist */,
			);
			path = "Supporting Files";
			sourceTree = "<group>";
		};
		8DA01A332AE31A020068A139 /* Decodable Data */ = {
			isa = PBXGroup;
			children = (
				8D7507822ACDF0D500382FE1 /* Fact.swift */,
				8DA01A312AE319F70068A139 /* InappropriateWordsCheckerData.swift */,
			);
			path = "Decodable Data";
			sourceTree = "<group>";
		};
		8DA2C405292C1E1100705A2F = {
			isa = PBXGroup;
			children = (
				8DA2C410292C1E1100705A2F /* RandoFacto */,
				8DA2C40F292C1E1100705A2F /* Products */,
				8DF48E332936A9E000152681 /* Frameworks */,
			);
			sourceTree = "<group>";
		};
		8DA2C40F292C1E1100705A2F /* Products */ = {
			isa = PBXGroup;
			children = (
				8DA2C40E292C1E1100705A2F /* RandoFacto.app */,
			);
			name = Products;
			sourceTree = "<group>";
		};
		8DA2C410292C1E1100705A2F /* RandoFacto */ = {
			isa = PBXGroup;
			children = (
				8DA2C411292C1E1100705A2F /* RandoFactoApp.swift */,
				8D91FEA02AE22C8C00ACB743 /* UI and Images */,
				8DA2F333296E38C40068F761 /* Model */,
				8D91FEA12AE22CB600ACB743 /* Supporting Files */,
				8DD7920E2A2E78F800C1B61C /* APIKeys.swift */,
			);
			path = RandoFacto;
			sourceTree = "<group>";
		};
		8DA2C418292C1E1200705A2F /* Preview Content */ = {
			isa = PBXGroup;
			children = (
				8DA2C419292C1E1200705A2F /* Preview Assets.xcassets */,
			);
			path = "Preview Content";
			sourceTree = "<group>";
		};
		8DA2F332296E38AA0068F761 /* Views */ = {
			isa = PBXGroup;
			children = (
				8DFEB0A42AFAF6FD00F57DB1 /* ContentView.swift */,
				8DFEB0A62AFAF77800F57DB1 /* FactView.swift */,
				8DCF671E297F58B7006DE41E /* FavoritesList.swift */,
				8D0312212AF995AF00DBB2B2 /* AuthenticationFormView.swift */,
				8D0312232AF9CAB100DBB2B2 /* LoadingIndicator.swift */,
				8DFEB0A22AFAF64800F57DB1 /* AccountView.swift */,
			);
			path = Views;
			sourceTree = "<group>";
		};
		8DA2F333296E38C40068F761 /* Model */ = {
			isa = PBXGroup;
			children = (
				8DA2C420292C1E6000705A2F /* FactGenerator.swift */,
				8D86FF042AF56CA600239DEE /* HTTPResponseExtension.swift */,
				8DF48E302936A80700152681 /* RandoFactoViewModel.swift */,
				8D86430D2AEC594F0084C772 /* AuthenticationFormType.swift */,
				8DA01A332AE31A020068A139 /* Decodable Data */,
				8DF48E382936B02900152681 /* NetworkError.swift */,
				8D051C5D2AFB15590064E90E /* Tab.swift */,
			);
			path = Model;
			sourceTree = "<group>";
		};
		8DF48E332936A9E000152681 /* Frameworks */ = {
			isa = PBXGroup;
			children = (
				8D0C38D52ADDC9AB00EBB03A /* SheftAppsStylishUI.framework */,
			);
			name = Frameworks;
			sourceTree = "<group>";
		};
/* End PBXGroup section */

/* Begin PBXNativeTarget section */
		8DA2C40D292C1E1100705A2F /* RandoFacto */ = {
			isa = PBXNativeTarget;
			buildConfigurationList = 8DA2C41D292C1E1200705A2F /* Build configuration list for PBXNativeTarget "RandoFacto" */;
			buildPhases = (
				8DA2C40A292C1E1100705A2F /* Sources */,
				8DA2C40B292C1E1100705A2F /* Frameworks */,
				8DA2C40C292C1E1100705A2F /* Resources */,
				8D0C38D82ADDC9AB00EBB03A /* Embed Frameworks */,
			);
			buildRules = (
			);
			dependencies = (
			);
			name = RandoFacto;
			packageProductDependencies = (
				8DD72BC12AC60FFE0032AAB2 /* FirebaseAnalytics */,
				8DD72BC32AC60FFE0032AAB2 /* FirebaseAnalyticsOnDeviceConversion */,
				8DD72BC52AC60FFE0032AAB2 /* FirebaseAnalyticsSwift */,
				8DD72BC72AC60FFE0032AAB2 /* FirebaseAnalyticsWithoutAdIdSupport */,
				8DD72BC92AC60FFE0032AAB2 /* FirebaseAppCheck */,
				8DD72BCB2AC60FFE0032AAB2 /* FirebaseAppDistribution-Beta */,
				8DD72BCD2AC60FFE0032AAB2 /* FirebaseAuth */,
				8DD72BCF2AC60FFE0032AAB2 /* FirebaseAuthCombine-Community */,
				8DD72BD12AC60FFE0032AAB2 /* FirebaseCrashlytics */,
				8DD72BD32AC610FA0032AAB2 /* FirebaseFirestore */,
			);
			productName = RandoFacto;
			productReference = 8DA2C40E292C1E1100705A2F /* RandoFacto.app */;
			productType = "com.apple.product-type.application";
		};
/* End PBXNativeTarget section */

/* Begin PBXProject section */
		8DA2C406292C1E1100705A2F /* Project object */ = {
			isa = PBXProject;
			attributes = {
				BuildIndependentTargetsInParallel = 1;
				LastSwiftUpdateCheck = 1410;
				LastUpgradeCheck = 1500;
				TargetAttributes = {
					8DA2C40D292C1E1100705A2F = {
						CreatedOnToolsVersion = 14.1;
					};
				};
			};
			buildConfigurationList = 8DA2C409292C1E1100705A2F /* Build configuration list for PBXProject "RandoFacto" */;
			compatibilityVersion = "Xcode 14.0";
			developmentRegion = en;
			hasScannedForEncodings = 0;
			knownRegions = (
				en,
				Base,
			);
			mainGroup = 8DA2C405292C1E1100705A2F;
			packageReferences = (
				8DD72BC02AC60FFE0032AAB2 /* XCRemoteSwiftPackageReference "firebase-ios-sdk" */,
			);
			productRefGroup = 8DA2C40F292C1E1100705A2F /* Products */;
			projectDirPath = "";
			projectRoot = "";
			targets = (
				8DA2C40D292C1E1100705A2F /* RandoFacto */,
			);
		};
/* End PBXProject section */

/* Begin PBXResourcesBuildPhase section */
		8DA2C40C292C1E1100705A2F /* Resources */ = {
			isa = PBXResourcesBuildPhase;
			buildActionMask = 2147483647;
			files = (
				8DF8D9DF2A27DDA700874AFC /* GoogleService-Info.plist in Resources */,
				8DA2C41A292C1E1200705A2F /* Preview Assets.xcassets in Resources */,
				8DA2C416292C1E1200705A2F /* Assets.xcassets in Resources */,
			);
			runOnlyForDeploymentPostprocessing = 0;
		};
/* End PBXResourcesBuildPhase section */

/* Begin PBXSourcesBuildPhase section */
		8DA2C40A292C1E1100705A2F /* Sources */ = {
			isa = PBXSourcesBuildPhase;
			buildActionMask = 2147483647;
			files = (
				8DA2C421292C1E6000705A2F /* FactGenerator.swift in Sources */,
				8DF48E392936B02900152681 /* NetworkError.swift in Sources */,
				8DFEB0A52AFAF6FD00F57DB1 /* ContentView.swift in Sources */,
				8DD7920F2A2E78F800C1B61C /* APIKeys.swift in Sources */,
				8DFEB0A32AFAF64800F57DB1 /* AccountView.swift in Sources */,
				8DF48E312936A80700152681 /* RandoFactoViewModel.swift in Sources */,
				8DFEB0A72AFAF77800F57DB1 /* FactView.swift in Sources */,
				8D0312242AF9CAB100DBB2B2 /* LoadingIndicator.swift in Sources */,
				8D0312222AF995AF00DBB2B2 /* AuthenticationFormView.swift in Sources */,
				8D86FF052AF56CA600239DEE /* HTTPResponseExtension.swift in Sources */,
				8D7507832ACDF0D500382FE1 /* Fact.swift in Sources */,
				8D051C5E2AFB15590064E90E /* Tab.swift in Sources */,
				8DA01A322AE319F70068A139 /* InappropriateWordsCheckerData.swift in Sources */,
				8D86430E2AEC594F0084C772 /* AuthenticationFormType.swift in Sources */,
				8DA2C412292C1E1100705A2F /* RandoFactoApp.swift in Sources */,
				8DCF671F297F58B7006DE41E /* FavoritesList.swift in Sources */,
			);
			runOnlyForDeploymentPostprocessing = 0;
		};
/* End PBXSourcesBuildPhase section */

/* Begin XCBuildConfiguration section */
		8DA2C41B292C1E1200705A2F /* Debug */ = {
			isa = XCBuildConfiguration;
			buildSettings = {
				ALWAYS_SEARCH_USER_PATHS = NO;
				CLANG_ANALYZER_NONNULL = YES;
				CLANG_ANALYZER_NUMBER_OBJECT_CONVERSION = YES_AGGRESSIVE;
				CLANG_CXX_LANGUAGE_STANDARD = "gnu++20";
				CLANG_ENABLE_MODULES = YES;
				CLANG_ENABLE_OBJC_ARC = YES;
				CLANG_ENABLE_OBJC_WEAK = YES;
				CLANG_WARN_BLOCK_CAPTURE_AUTORELEASING = YES;
				CLANG_WARN_BOOL_CONVERSION = YES;
				CLANG_WARN_COMMA = YES;
				CLANG_WARN_CONSTANT_CONVERSION = YES;
				CLANG_WARN_DEPRECATED_OBJC_IMPLEMENTATIONS = YES;
				CLANG_WARN_DIRECT_OBJC_ISA_USAGE = YES_ERROR;
				CLANG_WARN_DOCUMENTATION_COMMENTS = YES;
				CLANG_WARN_EMPTY_BODY = YES;
				CLANG_WARN_ENUM_CONVERSION = YES;
				CLANG_WARN_INFINITE_RECURSION = YES;
				CLANG_WARN_INT_CONVERSION = YES;
				CLANG_WARN_NON_LITERAL_NULL_CONVERSION = YES;
				CLANG_WARN_OBJC_IMPLICIT_RETAIN_SELF = YES;
				CLANG_WARN_OBJC_LITERAL_CONVERSION = YES;
				CLANG_WARN_OBJC_ROOT_CLASS = YES_ERROR;
				CLANG_WARN_QUOTED_INCLUDE_IN_FRAMEWORK_HEADER = YES;
				CLANG_WARN_RANGE_LOOP_ANALYSIS = YES;
				CLANG_WARN_STRICT_PROTOTYPES = YES;
				CLANG_WARN_SUSPICIOUS_MOVE = YES;
				CLANG_WARN_UNGUARDED_AVAILABILITY = YES_AGGRESSIVE;
				CLANG_WARN_UNREACHABLE_CODE = YES;
				CLANG_WARN__DUPLICATE_METHOD_MATCH = YES;
				COPY_PHASE_STRIP = NO;
				DEAD_CODE_STRIPPING = YES;
				DEBUG_INFORMATION_FORMAT = dwarf;
				ENABLE_STRICT_OBJC_MSGSEND = YES;
				ENABLE_TESTABILITY = YES;
				ENABLE_USER_SCRIPT_SANDBOXING = YES;
				GCC_C_LANGUAGE_STANDARD = gnu11;
				GCC_DYNAMIC_NO_PIC = NO;
				GCC_NO_COMMON_BLOCKS = YES;
				GCC_OPTIMIZATION_LEVEL = 0;
				GCC_PREPROCESSOR_DEFINITIONS = (
					"DEBUG=1",
					"$(inherited)",
				);
				GCC_WARN_64_TO_32_BIT_CONVERSION = YES;
				GCC_WARN_ABOUT_RETURN_TYPE = YES_ERROR;
				GCC_WARN_UNDECLARED_SELECTOR = YES;
				GCC_WARN_UNINITIALIZED_AUTOS = YES_AGGRESSIVE;
				GCC_WARN_UNUSED_FUNCTION = YES;
				GCC_WARN_UNUSED_VARIABLE = YES;
				MTL_ENABLE_DEBUG_INFO = INCLUDE_SOURCE;
				MTL_FAST_MATH = YES;
				ONLY_ACTIVE_ARCH = YES;
				SWIFT_ACTIVE_COMPILATION_CONDITIONS = DEBUG;
				SWIFT_OPTIMIZATION_LEVEL = "-Onone";
			};
			name = Debug;
		};
		8DA2C41C292C1E1200705A2F /* Release */ = {
			isa = XCBuildConfiguration;
			buildSettings = {
				ALWAYS_SEARCH_USER_PATHS = NO;
				CLANG_ANALYZER_NONNULL = YES;
				CLANG_ANALYZER_NUMBER_OBJECT_CONVERSION = YES_AGGRESSIVE;
				CLANG_CXX_LANGUAGE_STANDARD = "gnu++20";
				CLANG_ENABLE_MODULES = YES;
				CLANG_ENABLE_OBJC_ARC = YES;
				CLANG_ENABLE_OBJC_WEAK = YES;
				CLANG_WARN_BLOCK_CAPTURE_AUTORELEASING = YES;
				CLANG_WARN_BOOL_CONVERSION = YES;
				CLANG_WARN_COMMA = YES;
				CLANG_WARN_CONSTANT_CONVERSION = YES;
				CLANG_WARN_DEPRECATED_OBJC_IMPLEMENTATIONS = YES;
				CLANG_WARN_DIRECT_OBJC_ISA_USAGE = YES_ERROR;
				CLANG_WARN_DOCUMENTATION_COMMENTS = YES;
				CLANG_WARN_EMPTY_BODY = YES;
				CLANG_WARN_ENUM_CONVERSION = YES;
				CLANG_WARN_INFINITE_RECURSION = YES;
				CLANG_WARN_INT_CONVERSION = YES;
				CLANG_WARN_NON_LITERAL_NULL_CONVERSION = YES;
				CLANG_WARN_OBJC_IMPLICIT_RETAIN_SELF = YES;
				CLANG_WARN_OBJC_LITERAL_CONVERSION = YES;
				CLANG_WARN_OBJC_ROOT_CLASS = YES_ERROR;
				CLANG_WARN_QUOTED_INCLUDE_IN_FRAMEWORK_HEADER = YES;
				CLANG_WARN_RANGE_LOOP_ANALYSIS = YES;
				CLANG_WARN_STRICT_PROTOTYPES = YES;
				CLANG_WARN_SUSPICIOUS_MOVE = YES;
				CLANG_WARN_UNGUARDED_AVAILABILITY = YES_AGGRESSIVE;
				CLANG_WARN_UNREACHABLE_CODE = YES;
				CLANG_WARN__DUPLICATE_METHOD_MATCH = YES;
				COPY_PHASE_STRIP = NO;
				DEAD_CODE_STRIPPING = YES;
				DEBUG_INFORMATION_FORMAT = "dwarf-with-dsym";
				ENABLE_NS_ASSERTIONS = NO;
				ENABLE_STRICT_OBJC_MSGSEND = YES;
				ENABLE_USER_SCRIPT_SANDBOXING = YES;
				GCC_C_LANGUAGE_STANDARD = gnu11;
				GCC_NO_COMMON_BLOCKS = YES;
				GCC_WARN_64_TO_32_BIT_CONVERSION = YES;
				GCC_WARN_ABOUT_RETURN_TYPE = YES_ERROR;
				GCC_WARN_UNDECLARED_SELECTOR = YES;
				GCC_WARN_UNINITIALIZED_AUTOS = YES_AGGRESSIVE;
				GCC_WARN_UNUSED_FUNCTION = YES;
				GCC_WARN_UNUSED_VARIABLE = YES;
				MTL_ENABLE_DEBUG_INFO = NO;
				MTL_FAST_MATH = YES;
				SWIFT_COMPILATION_MODE = wholemodule;
				SWIFT_OPTIMIZATION_LEVEL = "-O";
			};
			name = Release;
		};
		8DA2C41E292C1E1200705A2F /* Debug */ = {
			isa = XCBuildConfiguration;
			buildSettings = {
				ASSETCATALOG_COMPILER_APPICON_NAME = AppIcon;
				ASSETCATALOG_COMPILER_GLOBAL_ACCENT_COLOR_NAME = AccentColor;
				CODE_SIGN_ENTITLEMENTS = "RandoFacto/Supporting Files/RandoFacto.entitlements";
				CODE_SIGN_IDENTITY = "-";
				"CODE_SIGN_IDENTITY[sdk=iphoneos*]" = "Apple Development";
				"CODE_SIGN_IDENTITY[sdk=macosx*]" = "Apple Development";
				CODE_SIGN_STYLE = Automatic;
				CURRENT_PROJECT_VERSION = 100;
				DEAD_CODE_STRIPPING = YES;
				DEVELOPMENT_ASSET_PATHS = "\"RandoFacto/UI and Images/Preview Content\"";
				DEVELOPMENT_TEAM = 3B6G4T54X3;
				ENABLE_HARDENED_RUNTIME = NO;
				"ENABLE_HARDENED_RUNTIME[sdk=macosx*]" = YES;
				ENABLE_PREVIEWS = YES;
				GENERATE_INFOPLIST_FILE = YES;
				INFOPLIST_KEY_NSHumanReadableCopyright = "Copyright © 2022-2023 SheftApps. All rights reserved.";
				"INFOPLIST_KEY_UIApplicationSceneManifest_Generation[sdk=iphoneos*]" = YES;
				"INFOPLIST_KEY_UIApplicationSceneManifest_Generation[sdk=iphonesimulator*]" = YES;
				"INFOPLIST_KEY_UIApplicationSupportsIndirectInputEvents[sdk=iphoneos*]" = YES;
				"INFOPLIST_KEY_UIApplicationSupportsIndirectInputEvents[sdk=iphonesimulator*]" = YES;
				"INFOPLIST_KEY_UILaunchScreen_Generation[sdk=iphoneos*]" = YES;
				"INFOPLIST_KEY_UILaunchScreen_Generation[sdk=iphonesimulator*]" = YES;
				INFOPLIST_KEY_UIRequiresFullScreen = NO;
				INFOPLIST_KEY_UIStatusBarHidden = NO;
				"INFOPLIST_KEY_UIStatusBarStyle[sdk=iphoneos*]" = UIStatusBarStyleDefault;
				"INFOPLIST_KEY_UIStatusBarStyle[sdk=iphonesimulator*]" = UIStatusBarStyleDefault;
				INFOPLIST_KEY_UISupportedInterfaceOrientations = "UIInterfaceOrientationLandscapeLeft UIInterfaceOrientationLandscapeRight UIInterfaceOrientationPortrait";
				INFOPLIST_KEY_UISupportedInterfaceOrientations_iPad = "UIInterfaceOrientationLandscapeLeft UIInterfaceOrientationLandscapeRight UIInterfaceOrientationPortrait UIInterfaceOrientationPortraitUpsideDown";
				IPHONEOS_DEPLOYMENT_TARGET = 16.1;
				LD_RUNPATH_SEARCH_PATHS = "@executable_path/Frameworks";
				"LD_RUNPATH_SEARCH_PATHS[sdk=macosx*]" = "@executable_path/../Frameworks";
				MACOSX_DEPLOYMENT_TARGET = 13.0;
				MARKETING_VERSION = 2023.11;
				PRODUCT_BUNDLE_IDENTIFIER = com.tylersheft.RandoFacto;
				PRODUCT_NAME = "$(TARGET_NAME)";
				SDKROOT = auto;
				SUPPORTED_PLATFORMS = "iphoneos iphonesimulator macosx";
				SUPPORTS_MACCATALYST = NO;
				SUPPORTS_MAC_DESIGNED_FOR_IPHONE_IPAD = NO;
				SWIFT_EMIT_LOC_STRINGS = YES;
				SWIFT_VERSION = 5.0;
				TARGETED_DEVICE_FAMILY = "1,2";
			};
			name = Debug;
		};
		8DA2C41F292C1E1200705A2F /* Release */ = {
			isa = XCBuildConfiguration;
			buildSettings = {
				ASSETCATALOG_COMPILER_APPICON_NAME = AppIcon;
				ASSETCATALOG_COMPILER_GLOBAL_ACCENT_COLOR_NAME = AccentColor;
				CODE_SIGN_ENTITLEMENTS = "RandoFacto/Supporting Files/RandoFacto.entitlements";
				CODE_SIGN_IDENTITY = "-";
				"CODE_SIGN_IDENTITY[sdk=iphoneos*]" = "Apple Development";
				"CODE_SIGN_IDENTITY[sdk=macosx*]" = "Apple Development";
				CODE_SIGN_STYLE = Automatic;
				CURRENT_PROJECT_VERSION = 100;
				DEAD_CODE_STRIPPING = YES;
				DEVELOPMENT_ASSET_PATHS = "\"RandoFacto/UI and Images/Preview Content\"";
				DEVELOPMENT_TEAM = 3B6G4T54X3;
				ENABLE_HARDENED_RUNTIME = NO;
				"ENABLE_HARDENED_RUNTIME[sdk=macosx*]" = YES;
				ENABLE_PREVIEWS = YES;
				GENERATE_INFOPLIST_FILE = YES;
				INFOPLIST_KEY_NSHumanReadableCopyright = "Copyright © 2022-2023 SheftApps. All rights reserved.";
				"INFOPLIST_KEY_UIApplicationSceneManifest_Generation[sdk=iphoneos*]" = YES;
				"INFOPLIST_KEY_UIApplicationSceneManifest_Generation[sdk=iphonesimulator*]" = YES;
				"INFOPLIST_KEY_UIApplicationSupportsIndirectInputEvents[sdk=iphoneos*]" = YES;
				"INFOPLIST_KEY_UIApplicationSupportsIndirectInputEvents[sdk=iphonesimulator*]" = YES;
				"INFOPLIST_KEY_UILaunchScreen_Generation[sdk=iphoneos*]" = YES;
				"INFOPLIST_KEY_UILaunchScreen_Generation[sdk=iphonesimulator*]" = YES;
				INFOPLIST_KEY_UIRequiresFullScreen = NO;
				INFOPLIST_KEY_UIStatusBarHidden = NO;
				"INFOPLIST_KEY_UIStatusBarStyle[sdk=iphoneos*]" = UIStatusBarStyleDefault;
				"INFOPLIST_KEY_UIStatusBarStyle[sdk=iphonesimulator*]" = UIStatusBarStyleDefault;
				INFOPLIST_KEY_UISupportedInterfaceOrientations = "UIInterfaceOrientationLandscapeLeft UIInterfaceOrientationLandscapeRight UIInterfaceOrientationPortrait";
				INFOPLIST_KEY_UISupportedInterfaceOrientations_iPad = "UIInterfaceOrientationLandscapeLeft UIInterfaceOrientationLandscapeRight UIInterfaceOrientationPortrait UIInterfaceOrientationPortraitUpsideDown";
				IPHONEOS_DEPLOYMENT_TARGET = 16.1;
				LD_RUNPATH_SEARCH_PATHS = "@executable_path/Frameworks";
				"LD_RUNPATH_SEARCH_PATHS[sdk=macosx*]" = "@executable_path/../Frameworks";
				MACOSX_DEPLOYMENT_TARGET = 13.0;
				MARKETING_VERSION = 2023.11;
				PRODUCT_BUNDLE_IDENTIFIER = com.tylersheft.RandoFacto;
				PRODUCT_NAME = "$(TARGET_NAME)";
				SDKROOT = auto;
				SUPPORTED_PLATFORMS = "iphoneos iphonesimulator macosx";
				SUPPORTS_MACCATALYST = NO;
				SUPPORTS_MAC_DESIGNED_FOR_IPHONE_IPAD = NO;
				SWIFT_EMIT_LOC_STRINGS = YES;
				SWIFT_VERSION = 5.0;
				TARGETED_DEVICE_FAMILY = "1,2";
			};
			name = Release;
		};
/* End XCBuildConfiguration section */

/* Begin XCConfigurationList section */
		8DA2C409292C1E1100705A2F /* Build configuration list for PBXProject "RandoFacto" */ = {
			isa = XCConfigurationList;
			buildConfigurations = (
				8DA2C41B292C1E1200705A2F /* Debug */,
				8DA2C41C292C1E1200705A2F /* Release */,
			);
			defaultConfigurationIsVisible = 0;
			defaultConfigurationName = Release;
		};
		8DA2C41D292C1E1200705A2F /* Build configuration list for PBXNativeTarget "RandoFacto" */ = {
			isa = XCConfigurationList;
			buildConfigurations = (
				8DA2C41E292C1E1200705A2F /* Debug */,
				8DA2C41F292C1E1200705A2F /* Release */,
			);
			defaultConfigurationIsVisible = 0;
			defaultConfigurationName = Release;
		};
/* End XCConfigurationList section */

/* Begin XCRemoteSwiftPackageReference section */
		8DD72BC02AC60FFE0032AAB2 /* XCRemoteSwiftPackageReference "firebase-ios-sdk" */ = {
			isa = XCRemoteSwiftPackageReference;
			repositoryURL = "https://github.com/firebase/firebase-ios-sdk";
			requirement = {
				kind = upToNextMajorVersion;
				minimumVersion = 10.15.0;
			};
		};
/* End XCRemoteSwiftPackageReference section */

/* Begin XCSwiftPackageProductDependency section */
		8DD72BC12AC60FFE0032AAB2 /* FirebaseAnalytics */ = {
			isa = XCSwiftPackageProductDependency;
			package = 8DD72BC02AC60FFE0032AAB2 /* XCRemoteSwiftPackageReference "firebase-ios-sdk" */;
			productName = FirebaseAnalytics;
		};
		8DD72BC32AC60FFE0032AAB2 /* FirebaseAnalyticsOnDeviceConversion */ = {
			isa = XCSwiftPackageProductDependency;
			package = 8DD72BC02AC60FFE0032AAB2 /* XCRemoteSwiftPackageReference "firebase-ios-sdk" */;
			productName = FirebaseAnalyticsOnDeviceConversion;
		};
		8DD72BC52AC60FFE0032AAB2 /* FirebaseAnalyticsSwift */ = {
			isa = XCSwiftPackageProductDependency;
			package = 8DD72BC02AC60FFE0032AAB2 /* XCRemoteSwiftPackageReference "firebase-ios-sdk" */;
			productName = FirebaseAnalyticsSwift;
		};
		8DD72BC72AC60FFE0032AAB2 /* FirebaseAnalyticsWithoutAdIdSupport */ = {
			isa = XCSwiftPackageProductDependency;
			package = 8DD72BC02AC60FFE0032AAB2 /* XCRemoteSwiftPackageReference "firebase-ios-sdk" */;
			productName = FirebaseAnalyticsWithoutAdIdSupport;
		};
		8DD72BC92AC60FFE0032AAB2 /* FirebaseAppCheck */ = {
			isa = XCSwiftPackageProductDependency;
			package = 8DD72BC02AC60FFE0032AAB2 /* XCRemoteSwiftPackageReference "firebase-ios-sdk" */;
			productName = FirebaseAppCheck;
		};
		8DD72BCB2AC60FFE0032AAB2 /* FirebaseAppDistribution-Beta */ = {
			isa = XCSwiftPackageProductDependency;
			package = 8DD72BC02AC60FFE0032AAB2 /* XCRemoteSwiftPackageReference "firebase-ios-sdk" */;
			productName = "FirebaseAppDistribution-Beta";
		};
		8DD72BCD2AC60FFE0032AAB2 /* FirebaseAuth */ = {
			isa = XCSwiftPackageProductDependency;
			package = 8DD72BC02AC60FFE0032AAB2 /* XCRemoteSwiftPackageReference "firebase-ios-sdk" */;
			productName = FirebaseAuth;
		};
		8DD72BCF2AC60FFE0032AAB2 /* FirebaseAuthCombine-Community */ = {
			isa = XCSwiftPackageProductDependency;
			package = 8DD72BC02AC60FFE0032AAB2 /* XCRemoteSwiftPackageReference "firebase-ios-sdk" */;
			productName = "FirebaseAuthCombine-Community";
		};
		8DD72BD12AC60FFE0032AAB2 /* FirebaseCrashlytics */ = {
			isa = XCSwiftPackageProductDependency;
			package = 8DD72BC02AC60FFE0032AAB2 /* XCRemoteSwiftPackageReference "firebase-ios-sdk" */;
			productName = FirebaseCrashlytics;
		};
		8DD72BD32AC610FA0032AAB2 /* FirebaseFirestore */ = {
			isa = XCSwiftPackageProductDependency;
			package = 8DD72BC02AC60FFE0032AAB2 /* XCRemoteSwiftPackageReference "firebase-ios-sdk" */;
			productName = FirebaseFirestore;
		};
/* End XCSwiftPackageProductDependency section */
	};
	rootObject = 8DA2C406292C1E1100705A2F /* Project object */;
}
